// !$*UTF8*$!
{
	archiveVersion = 1;
	classes = {
	};
	objectVersion = 56;
	objects = {

/* Begin PBXBuildFile section */
		242568AB2A0D65600022A132 /* TextFieldView.swift in Sources */ = {isa = PBXBuildFile; fileRef = 242568AA2A0D65600022A132 /* TextFieldView.swift */; };
		242568AD2A0D65770022A132 /* TextFieldViewModel.swift in Sources */ = {isa = PBXBuildFile; fileRef = 242568AC2A0D65770022A132 /* TextFieldViewModel.swift */; };
		243CBC132A3E099500EEE080 /* LocalLabelCell.swift in Sources */ = {isa = PBXBuildFile; fileRef = 243CBC122A3E099500EEE080 /* LocalLabelCell.swift */; };
		243CBC152A3F165E00EEE080 /* RoundedHeader.swift in Sources */ = {isa = PBXBuildFile; fileRef = 243CBC142A3F165E00EEE080 /* RoundedHeader.swift */; };
		243CBC172A3F166B00EEE080 /* RoundedFooter.swift in Sources */ = {isa = PBXBuildFile; fileRef = 243CBC162A3F166B00EEE080 /* RoundedFooter.swift */; };
		243CBC192A3F167600EEE080 /* SpacerCell.swift in Sources */ = {isa = PBXBuildFile; fileRef = 243CBC182A3F167600EEE080 /* SpacerCell.swift */; };
		243CBC1B2A3F16AF00EEE080 /* TextFieldCell.swift in Sources */ = {isa = PBXBuildFile; fileRef = 243CBC1A2A3F16AF00EEE080 /* TextFieldCell.swift */; };
		243CBC2A2A3F185800EEE080 /* RoundCorners.swift in Sources */ = {isa = PBXBuildFile; fileRef = 243CBC292A3F185800EEE080 /* RoundCorners.swift */; };
		243CBC2C2A3F264700EEE080 /* RoundedHeaderWithTitle.swift in Sources */ = {isa = PBXBuildFile; fileRef = 243CBC2B2A3F264700EEE080 /* RoundedHeaderWithTitle.swift */; };
		243CBC2F2A402EAF00EEE080 /* ResourceView.swift in Sources */ = {isa = PBXBuildFile; fileRef = 243CBC2E2A402EAF00EEE080 /* ResourceView.swift */; };
		243CBC312A402F1B00EEE080 /* ResourceType.swift in Sources */ = {isa = PBXBuildFile; fileRef = 243CBC302A402F1B00EEE080 /* ResourceType.swift */; };
		243CBC382A4033D900EEE080 /* PageDescription.swift in Sources */ = {isa = PBXBuildFile; fileRef = 243CBC372A4033D900EEE080 /* PageDescription.swift */; };
		243CBC3A2A4033FD00EEE080 /* PageDescriptionViewModel.swift in Sources */ = {isa = PBXBuildFile; fileRef = 243CBC392A4033FD00EEE080 /* PageDescriptionViewModel.swift */; };
		243CBC3C2A40366200EEE080 /* PageDescriptionCell.swift in Sources */ = {isa = PBXBuildFile; fileRef = 243CBC3B2A40366200EEE080 /* PageDescriptionCell.swift */; };
		243CBC3F2A403BF800EEE080 /* SmallButton.swift in Sources */ = {isa = PBXBuildFile; fileRef = 243CBC3E2A403BF800EEE080 /* SmallButton.swift */; };
		243CBC412A403C0400EEE080 /* SmallButtonViewModel.swift in Sources */ = {isa = PBXBuildFile; fileRef = 243CBC402A403C0400EEE080 /* SmallButtonViewModel.swift */; };
		243CBC442A403E3500EEE080 /* RowItem.swift in Sources */ = {isa = PBXBuildFile; fileRef = 243CBC432A403E3500EEE080 /* RowItem.swift */; };
		243CBC462A403E4100EEE080 /* RowItemViewModel.swift in Sources */ = {isa = PBXBuildFile; fileRef = 243CBC452A403E4100EEE080 /* RowItemViewModel.swift */; };
		243CBC682A4058EE00EEE080 /* RowItemCell.swift in Sources */ = {isa = PBXBuildFile; fileRef = 243CBC672A4058EE00EEE080 /* RowItemCell.swift */; };
		2442EB822A9A7E4F00B11CE3 /* StatusBanner.swift in Sources */ = {isa = PBXBuildFile; fileRef = 2442EB812A9A7E4F00B11CE3 /* StatusBanner.swift */; };
		2442EB842A9A818A00B11CE3 /* UIViewController + Banner.swift in Sources */ = {isa = PBXBuildFile; fileRef = 2442EB832A9A818A00B11CE3 /* UIViewController + Banner.swift */; };
		2442EB932A9B4EC000B11CE3 /* Loader.swift in Sources */ = {isa = PBXBuildFile; fileRef = 2442EB922A9B4EC000B11CE3 /* Loader.swift */; };
		2442EB952A9B4EE300B11CE3 /* UIViewConroller + Loader.swift in Sources */ = {isa = PBXBuildFile; fileRef = 2442EB942A9B4EE300B11CE3 /* UIViewConroller + Loader.swift */; };
		2442EB972A9B53A200B11CE3 /* loader.json in Resources */ = {isa = PBXBuildFile; fileRef = 2442EB962A9B53A200B11CE3 /* loader.json */; };
		2442EBCF2A9D173C00B11CE3 /* SecondaryButton.swift in Sources */ = {isa = PBXBuildFile; fileRef = 2442EBCE2A9D173C00B11CE3 /* SecondaryButton.swift */; };
		2442EBD12A9D18D800B11CE3 /* InfoCell.swift in Sources */ = {isa = PBXBuildFile; fileRef = 2442EBD02A9D18D800B11CE3 /* InfoCell.swift */; };
		2442EBD52A9D2BDF00B11CE3 /* finances.json in Resources */ = {isa = PBXBuildFile; fileRef = 2442EBD42A9D2BDF00B11CE3 /* finances.json */; };
		2442EBDC2A9DC92D00B11CE3 /* InlineFeedback.swift in Sources */ = {isa = PBXBuildFile; fileRef = 2442EBDB2A9DC92D00B11CE3 /* InlineFeedback.swift */; };
		2442EC1A2A9DCBDD00B11CE3 /* InlineFeedbackCell.swift in Sources */ = {isa = PBXBuildFile; fileRef = 2442EC192A9DCBDD00B11CE3 /* InlineFeedbackCell.swift */; };
		2442EC292A9E6A5600B11CE3 /* SecondaryButtonsCell.swift in Sources */ = {isa = PBXBuildFile; fileRef = 2442EC282A9E6A5600B11CE3 /* SecondaryButtonsCell.swift */; };
		2442EC2B2A9F15F200B11CE3 /* SeparatorCell.swift in Sources */ = {isa = PBXBuildFile; fileRef = 2442EC2A2A9F15F200B11CE3 /* SeparatorCell.swift */; };
		2452F0292A2F0E1A005F4DDF /* CustomNavigation.swift in Sources */ = {isa = PBXBuildFile; fileRef = 2452F0282A2F0E1A005F4DDF /* CustomNavigation.swift */; };
		2452F02B2A2F168A005F4DDF /* BackBarButtonItem.swift in Sources */ = {isa = PBXBuildFile; fileRef = 2452F02A2A2F168A005F4DDF /* BackBarButtonItem.swift */; };
		2452F0362A2F6EB7005F4DDF /* GenericTableView.swift in Sources */ = {isa = PBXBuildFile; fileRef = 2452F0352A2F6EB7005F4DDF /* GenericTableView.swift */; };
		246622742A12BFAE00287AA7 /* TextFieldState.swift in Sources */ = {isa = PBXBuildFile; fileRef = 246622732A12BFAE00287AA7 /* TextFieldState.swift */; };
		2466229F2A13665E00287AA7 /* LocalLabel.swift in Sources */ = {isa = PBXBuildFile; fileRef = 2466229E2A13665E00287AA7 /* LocalLabel.swift */; };
		246622A12A13668800287AA7 /* LocalLabelModel.swift in Sources */ = {isa = PBXBuildFile; fileRef = 246622A02A13668800287AA7 /* LocalLabelModel.swift */; };
		2466C3DF2A14AFEB00E7B400 /* PrimaryButton.swift in Sources */ = {isa = PBXBuildFile; fileRef = 2466C3DE2A14AFEB00E7B400 /* PrimaryButton.swift */; };
		2466C3E12A14B01300E7B400 /* PrimaryButtonModel.swift in Sources */ = {isa = PBXBuildFile; fileRef = 2466C3E02A14B01300E7B400 /* PrimaryButtonModel.swift */; };
		2466C3E32A14B54B00E7B400 /* PrimaryButtonStateColors.swift in Sources */ = {isa = PBXBuildFile; fileRef = 2466C3E22A14B54B00E7B400 /* PrimaryButtonStateColors.swift */; };
		2490E2FC2A02ED4F0073DBDE /* ImageResources.xcassets in Resources */ = {isa = PBXBuildFile; fileRef = 2490E2FB2A02ED4F0073DBDE /* ImageResources.xcassets */; };
		2490E2FE2A02ED600073DBDE /* ImageWrapper.swift in Sources */ = {isa = PBXBuildFile; fileRef = 2490E2FD2A02ED600073DBDE /* ImageWrapper.swift */; };
		2490E3002A02EDFD0073DBDE /* Images.swift in Sources */ = {isa = PBXBuildFile; fileRef = 2490E2FF2A02EDFD0073DBDE /* Images.swift */; };
		2490E3422A040B270073DBDE /* DesignSystemConstants.swift in Sources */ = {isa = PBXBuildFile; fileRef = 2490E3412A040B270073DBDE /* DesignSystemConstants.swift */; };
		24C7121429E5B13D00E5DE0B /* BrandBook.docc in Sources */ = {isa = PBXBuildFile; fileRef = 24C7121329E5B13D00E5DE0B /* BrandBook.docc */; };
		24C7121529E5B13D00E5DE0B /* BrandBook.h in Headers */ = {isa = PBXBuildFile; fileRef = 24C7121229E5B13D00E5DE0B /* BrandBook.h */; settings = {ATTRIBUTES = (Public, ); }; };
		24C7129029E5B2A500E5DE0B /* Colors.xcassets in Resources */ = {isa = PBXBuildFile; fileRef = 24C7128A29E5B2A500E5DE0B /* Colors.xcassets */; };
		24C7129129E5B2A500E5DE0B /* UserTheme.swift in Sources */ = {isa = PBXBuildFile; fileRef = 24C7128B29E5B2A500E5DE0B /* UserTheme.swift */; };
		24C7129229E5B2A500E5DE0B /* ColorWrapper.swift in Sources */ = {isa = PBXBuildFile; fileRef = 24C7128C29E5B2A500E5DE0B /* ColorWrapper.swift */; };
		24C7129329E5B2A500E5DE0B /* Color.swift in Sources */ = {isa = PBXBuildFile; fileRef = 24C7128D29E5B2A500E5DE0B /* Color.swift */; };
		24C7129429E5B2A500E5DE0B /* Brandbook.swift in Sources */ = {isa = PBXBuildFile; fileRef = 24C7128F29E5B2A500E5DE0B /* Brandbook.swift */; };
		24C712A229E5BB6500E5DE0B /* ConstraintsExtension.swift in Sources */ = {isa = PBXBuildFile; fileRef = 24C712A129E5BB6500E5DE0B /* ConstraintsExtension.swift */; };
		24C712EC29E5E5F800E5DE0B /* Lottie in Frameworks */ = {isa = PBXBuildFile; productRef = 24C712EB29E5E5F800E5DE0B /* Lottie */; };
		24C7133629E7181100E5DE0B /* LottieHandler.swift in Sources */ = {isa = PBXBuildFile; fileRef = 24C7133529E7181100E5DE0B /* LottieHandler.swift */; };
		24C7133B29E718DC00E5DE0B /* student_1.json in Resources */ = {isa = PBXBuildFile; fileRef = 24C7133829E718DC00E5DE0B /* student_1.json */; };
		24C7133C29E718DC00E5DE0B /* student_2.json in Resources */ = {isa = PBXBuildFile; fileRef = 24C7133929E718DC00E5DE0B /* student_2.json */; };
		24C7133D29E718DC00E5DE0B /* student_3.json in Resources */ = {isa = PBXBuildFile; fileRef = 24C7133A29E718DC00E5DE0B /* student_3.json */; };
		24DCCABB2AA3682B00D46C29 /* PrimaryButtonCell.swift in Sources */ = {isa = PBXBuildFile; fileRef = 24DCCABA2AA3682B00D46C29 /* PrimaryButtonCell.swift */; };
		24E3F1BE2A98ED0B008A0430 /* BannerView.swift in Sources */ = {isa = PBXBuildFile; fileRef = 24E3F1BD2A98ED0B008A0430 /* BannerView.swift */; };
		24E3F1C02A98ED18008A0430 /* BannerViewModel.swift in Sources */ = {isa = PBXBuildFile; fileRef = 24E3F1BF2A98ED18008A0430 /* BannerViewModel.swift */; };
		24E3F1C22A98F1A3008A0430 /* BannerCell.swift in Sources */ = {isa = PBXBuildFile; fileRef = 24E3F1C12A98F1A3008A0430 /* BannerCell.swift */; };
		24E764502A0CBD9F00E4FA74 /* IQKeyboardManagerSwift in Frameworks */ = {isa = PBXBuildFile; productRef = 24E7644F2A0CBD9F00E4FA74 /* IQKeyboardManagerSwift */; };
		24E764562A0CBDE300E4FA74 /* SDWebImage in Frameworks */ = {isa = PBXBuildFile; productRef = 24E764552A0CBDE300E4FA74 /* SDWebImage */; };
		24F4ED452AA0ED1E00882C19 /* Navigator.swift in Sources */ = {isa = PBXBuildFile; fileRef = 24F4ED442AA0ED1E00882C19 /* Navigator.swift */; };
		24F4ED782AA2653E00882C19 /* lazy.json in Resources */ = {isa = PBXBuildFile; fileRef = 24F4ED772AA2653E00882C19 /* lazy.json */; };
/* End PBXBuildFile section */

/* Begin PBXFileReference section */
		242568AA2A0D65600022A132 /* TextFieldView.swift */ = {isa = PBXFileReference; lastKnownFileType = sourcecode.swift; path = TextFieldView.swift; sourceTree = "<group>"; };
		242568AC2A0D65770022A132 /* TextFieldViewModel.swift */ = {isa = PBXFileReference; lastKnownFileType = sourcecode.swift; path = TextFieldViewModel.swift; sourceTree = "<group>"; };
		243CBC122A3E099500EEE080 /* LocalLabelCell.swift */ = {isa = PBXFileReference; lastKnownFileType = sourcecode.swift; path = LocalLabelCell.swift; sourceTree = "<group>"; };
		243CBC142A3F165E00EEE080 /* RoundedHeader.swift */ = {isa = PBXFileReference; lastKnownFileType = sourcecode.swift; path = RoundedHeader.swift; sourceTree = "<group>"; };
		243CBC162A3F166B00EEE080 /* RoundedFooter.swift */ = {isa = PBXFileReference; lastKnownFileType = sourcecode.swift; path = RoundedFooter.swift; sourceTree = "<group>"; };
		243CBC182A3F167600EEE080 /* SpacerCell.swift */ = {isa = PBXFileReference; lastKnownFileType = sourcecode.swift; path = SpacerCell.swift; sourceTree = "<group>"; };
		243CBC1A2A3F16AF00EEE080 /* TextFieldCell.swift */ = {isa = PBXFileReference; lastKnownFileType = sourcecode.swift; path = TextFieldCell.swift; sourceTree = "<group>"; };
		243CBC292A3F185800EEE080 /* RoundCorners.swift */ = {isa = PBXFileReference; lastKnownFileType = sourcecode.swift; path = RoundCorners.swift; sourceTree = "<group>"; };
		243CBC2B2A3F264700EEE080 /* RoundedHeaderWithTitle.swift */ = {isa = PBXFileReference; lastKnownFileType = sourcecode.swift; path = RoundedHeaderWithTitle.swift; sourceTree = "<group>"; };
		243CBC2E2A402EAF00EEE080 /* ResourceView.swift */ = {isa = PBXFileReference; lastKnownFileType = sourcecode.swift; path = ResourceView.swift; sourceTree = "<group>"; };
		243CBC302A402F1B00EEE080 /* ResourceType.swift */ = {isa = PBXFileReference; lastKnownFileType = sourcecode.swift; path = ResourceType.swift; sourceTree = "<group>"; };
		243CBC372A4033D900EEE080 /* PageDescription.swift */ = {isa = PBXFileReference; lastKnownFileType = sourcecode.swift; path = PageDescription.swift; sourceTree = "<group>"; };
		243CBC392A4033FD00EEE080 /* PageDescriptionViewModel.swift */ = {isa = PBXFileReference; lastKnownFileType = sourcecode.swift; path = PageDescriptionViewModel.swift; sourceTree = "<group>"; };
		243CBC3B2A40366200EEE080 /* PageDescriptionCell.swift */ = {isa = PBXFileReference; lastKnownFileType = sourcecode.swift; path = PageDescriptionCell.swift; sourceTree = "<group>"; };
		243CBC3E2A403BF800EEE080 /* SmallButton.swift */ = {isa = PBXFileReference; lastKnownFileType = sourcecode.swift; path = SmallButton.swift; sourceTree = "<group>"; };
		243CBC402A403C0400EEE080 /* SmallButtonViewModel.swift */ = {isa = PBXFileReference; lastKnownFileType = sourcecode.swift; path = SmallButtonViewModel.swift; sourceTree = "<group>"; };
		243CBC432A403E3500EEE080 /* RowItem.swift */ = {isa = PBXFileReference; lastKnownFileType = sourcecode.swift; path = RowItem.swift; sourceTree = "<group>"; };
		243CBC452A403E4100EEE080 /* RowItemViewModel.swift */ = {isa = PBXFileReference; lastKnownFileType = sourcecode.swift; path = RowItemViewModel.swift; sourceTree = "<group>"; };
		243CBC672A4058EE00EEE080 /* RowItemCell.swift */ = {isa = PBXFileReference; lastKnownFileType = sourcecode.swift; path = RowItemCell.swift; sourceTree = "<group>"; };
		2442EB812A9A7E4F00B11CE3 /* StatusBanner.swift */ = {isa = PBXFileReference; lastKnownFileType = sourcecode.swift; path = StatusBanner.swift; sourceTree = "<group>"; };
		2442EB832A9A818A00B11CE3 /* UIViewController + Banner.swift */ = {isa = PBXFileReference; lastKnownFileType = sourcecode.swift; path = "UIViewController + Banner.swift"; sourceTree = "<group>"; };
		2442EB922A9B4EC000B11CE3 /* Loader.swift */ = {isa = PBXFileReference; lastKnownFileType = sourcecode.swift; path = Loader.swift; sourceTree = "<group>"; };
		2442EB942A9B4EE300B11CE3 /* UIViewConroller + Loader.swift */ = {isa = PBXFileReference; lastKnownFileType = sourcecode.swift; path = "UIViewConroller + Loader.swift"; sourceTree = "<group>"; };
		2442EB962A9B53A200B11CE3 /* loader.json */ = {isa = PBXFileReference; fileEncoding = 4; lastKnownFileType = text.json; path = loader.json; sourceTree = "<group>"; };
		2442EBCE2A9D173C00B11CE3 /* SecondaryButton.swift */ = {isa = PBXFileReference; lastKnownFileType = sourcecode.swift; path = SecondaryButton.swift; sourceTree = "<group>"; };
		2442EBD02A9D18D800B11CE3 /* InfoCell.swift */ = {isa = PBXFileReference; lastKnownFileType = sourcecode.swift; path = InfoCell.swift; sourceTree = "<group>"; };
		2442EBD42A9D2BDF00B11CE3 /* finances.json */ = {isa = PBXFileReference; fileEncoding = 4; lastKnownFileType = text.json; path = finances.json; sourceTree = "<group>"; };
		2442EBDB2A9DC92D00B11CE3 /* InlineFeedback.swift */ = {isa = PBXFileReference; lastKnownFileType = sourcecode.swift; path = InlineFeedback.swift; sourceTree = "<group>"; };
		2442EC192A9DCBDD00B11CE3 /* InlineFeedbackCell.swift */ = {isa = PBXFileReference; lastKnownFileType = sourcecode.swift; path = InlineFeedbackCell.swift; sourceTree = "<group>"; };
		2442EC282A9E6A5600B11CE3 /* SecondaryButtonsCell.swift */ = {isa = PBXFileReference; lastKnownFileType = sourcecode.swift; path = SecondaryButtonsCell.swift; sourceTree = "<group>"; };
		2442EC2A2A9F15F200B11CE3 /* SeparatorCell.swift */ = {isa = PBXFileReference; lastKnownFileType = sourcecode.swift; path = SeparatorCell.swift; sourceTree = "<group>"; };
		2452F0282A2F0E1A005F4DDF /* CustomNavigation.swift */ = {isa = PBXFileReference; lastKnownFileType = sourcecode.swift; path = CustomNavigation.swift; sourceTree = "<group>"; };
		2452F02A2A2F168A005F4DDF /* BackBarButtonItem.swift */ = {isa = PBXFileReference; lastKnownFileType = sourcecode.swift; path = BackBarButtonItem.swift; sourceTree = "<group>"; };
		2452F0352A2F6EB7005F4DDF /* GenericTableView.swift */ = {isa = PBXFileReference; lastKnownFileType = sourcecode.swift; path = GenericTableView.swift; sourceTree = "<group>"; };
		246622732A12BFAE00287AA7 /* TextFieldState.swift */ = {isa = PBXFileReference; lastKnownFileType = sourcecode.swift; path = TextFieldState.swift; sourceTree = "<group>"; };
		2466229E2A13665E00287AA7 /* LocalLabel.swift */ = {isa = PBXFileReference; lastKnownFileType = sourcecode.swift; path = LocalLabel.swift; sourceTree = "<group>"; };
		246622A02A13668800287AA7 /* LocalLabelModel.swift */ = {isa = PBXFileReference; lastKnownFileType = sourcecode.swift; path = LocalLabelModel.swift; sourceTree = "<group>"; };
		2466C3DE2A14AFEB00E7B400 /* PrimaryButton.swift */ = {isa = PBXFileReference; lastKnownFileType = sourcecode.swift; path = PrimaryButton.swift; sourceTree = "<group>"; };
		2466C3E02A14B01300E7B400 /* PrimaryButtonModel.swift */ = {isa = PBXFileReference; lastKnownFileType = sourcecode.swift; path = PrimaryButtonModel.swift; sourceTree = "<group>"; };
		2466C3E22A14B54B00E7B400 /* PrimaryButtonStateColors.swift */ = {isa = PBXFileReference; lastKnownFileType = sourcecode.swift; path = PrimaryButtonStateColors.swift; sourceTree = "<group>"; };
		2490E2FB2A02ED4F0073DBDE /* ImageResources.xcassets */ = {isa = PBXFileReference; lastKnownFileType = folder.assetcatalog; path = ImageResources.xcassets; sourceTree = "<group>"; };
		2490E2FD2A02ED600073DBDE /* ImageWrapper.swift */ = {isa = PBXFileReference; lastKnownFileType = sourcecode.swift; path = ImageWrapper.swift; sourceTree = "<group>"; };
		2490E2FF2A02EDFD0073DBDE /* Images.swift */ = {isa = PBXFileReference; lastKnownFileType = sourcecode.swift; path = Images.swift; sourceTree = "<group>"; };
		2490E3252A03848E0073DBDE /* Core.framework */ = {isa = PBXFileReference; explicitFileType = wrapper.framework; path = Core.framework; sourceTree = BUILT_PRODUCTS_DIR; };
		2490E3412A040B270073DBDE /* DesignSystemConstants.swift */ = {isa = PBXFileReference; fileEncoding = 4; lastKnownFileType = sourcecode.swift; path = DesignSystemConstants.swift; sourceTree = "<group>"; };
		24C7120F29E5B13D00E5DE0B /* BrandBook.framework */ = {isa = PBXFileReference; explicitFileType = wrapper.framework; includeInIndex = 0; path = BrandBook.framework; sourceTree = BUILT_PRODUCTS_DIR; };
		24C7121229E5B13D00E5DE0B /* BrandBook.h */ = {isa = PBXFileReference; lastKnownFileType = sourcecode.c.h; path = BrandBook.h; sourceTree = "<group>"; };
		24C7121329E5B13D00E5DE0B /* BrandBook.docc */ = {isa = PBXFileReference; lastKnownFileType = folder.documentationcatalog; path = BrandBook.docc; sourceTree = "<group>"; };
		24C7128A29E5B2A500E5DE0B /* Colors.xcassets */ = {isa = PBXFileReference; lastKnownFileType = folder.assetcatalog; path = Colors.xcassets; sourceTree = "<group>"; };
		24C7128B29E5B2A500E5DE0B /* UserTheme.swift */ = {isa = PBXFileReference; fileEncoding = 4; lastKnownFileType = sourcecode.swift; path = UserTheme.swift; sourceTree = "<group>"; };
		24C7128C29E5B2A500E5DE0B /* ColorWrapper.swift */ = {isa = PBXFileReference; fileEncoding = 4; lastKnownFileType = sourcecode.swift; path = ColorWrapper.swift; sourceTree = "<group>"; };
		24C7128D29E5B2A500E5DE0B /* Color.swift */ = {isa = PBXFileReference; fileEncoding = 4; lastKnownFileType = sourcecode.swift; path = Color.swift; sourceTree = "<group>"; };
		24C7128F29E5B2A500E5DE0B /* Brandbook.swift */ = {isa = PBXFileReference; fileEncoding = 4; lastKnownFileType = sourcecode.swift; path = Brandbook.swift; sourceTree = "<group>"; };
		24C712A129E5BB6500E5DE0B /* ConstraintsExtension.swift */ = {isa = PBXFileReference; lastKnownFileType = sourcecode.swift; path = ConstraintsExtension.swift; sourceTree = "<group>"; };
		24C7133529E7181100E5DE0B /* LottieHandler.swift */ = {isa = PBXFileReference; lastKnownFileType = sourcecode.swift; path = LottieHandler.swift; sourceTree = "<group>"; };
		24C7133829E718DC00E5DE0B /* student_1.json */ = {isa = PBXFileReference; fileEncoding = 4; lastKnownFileType = text.json; path = student_1.json; sourceTree = "<group>"; };
		24C7133929E718DC00E5DE0B /* student_2.json */ = {isa = PBXFileReference; fileEncoding = 4; lastKnownFileType = text.json; path = student_2.json; sourceTree = "<group>"; };
		24C7133A29E718DC00E5DE0B /* student_3.json */ = {isa = PBXFileReference; fileEncoding = 4; lastKnownFileType = text.json; path = student_3.json; sourceTree = "<group>"; };
		24DCCABA2AA3682B00D46C29 /* PrimaryButtonCell.swift */ = {isa = PBXFileReference; lastKnownFileType = sourcecode.swift; path = PrimaryButtonCell.swift; sourceTree = "<group>"; };
		24E3F1BD2A98ED0B008A0430 /* BannerView.swift */ = {isa = PBXFileReference; lastKnownFileType = sourcecode.swift; path = BannerView.swift; sourceTree = "<group>"; };
		24E3F1BF2A98ED18008A0430 /* BannerViewModel.swift */ = {isa = PBXFileReference; lastKnownFileType = sourcecode.swift; path = BannerViewModel.swift; sourceTree = "<group>"; };
		24E3F1C12A98F1A3008A0430 /* BannerCell.swift */ = {isa = PBXFileReference; lastKnownFileType = sourcecode.swift; path = BannerCell.swift; sourceTree = "<group>"; };
		24F4ED442AA0ED1E00882C19 /* Navigator.swift */ = {isa = PBXFileReference; lastKnownFileType = sourcecode.swift; path = Navigator.swift; sourceTree = "<group>"; };
		24F4ED772AA2653E00882C19 /* lazy.json */ = {isa = PBXFileReference; fileEncoding = 4; lastKnownFileType = text.json; path = lazy.json; sourceTree = "<group>"; };
/* End PBXFileReference section */

/* Begin PBXFrameworksBuildPhase section */
		24C7120C29E5B13D00E5DE0B /* Frameworks */ = {
			isa = PBXFrameworksBuildPhase;
			buildActionMask = 2147483647;
			files = (
				24E764562A0CBDE300E4FA74 /* SDWebImage in Frameworks */,
				24C712EC29E5E5F800E5DE0B /* Lottie in Frameworks */,
				24E764502A0CBD9F00E4FA74 /* IQKeyboardManagerSwift in Frameworks */,
			);
			runOnlyForDeploymentPostprocessing = 0;
		};
/* End PBXFrameworksBuildPhase section */

/* Begin PBXGroup section */
		242568A82A0D65300022A132 /* TextField */ = {
			isa = PBXGroup;
			children = (
				242568AA2A0D65600022A132 /* TextFieldView.swift */,
				242568AC2A0D65770022A132 /* TextFieldViewModel.swift */,
				246622732A12BFAE00287AA7 /* TextFieldState.swift */,
			);
			path = TextField;
			sourceTree = "<group>";
		};
		243CBC112A3E097E00EEE080 /* TableCells */ = {
			isa = PBXGroup;
			children = (
				243CBC122A3E099500EEE080 /* LocalLabelCell.swift */,
				243CBC142A3F165E00EEE080 /* RoundedHeader.swift */,
				243CBC162A3F166B00EEE080 /* RoundedFooter.swift */,
				243CBC182A3F167600EEE080 /* SpacerCell.swift */,
				243CBC1A2A3F16AF00EEE080 /* TextFieldCell.swift */,
				243CBC2B2A3F264700EEE080 /* RoundedHeaderWithTitle.swift */,
				243CBC3B2A40366200EEE080 /* PageDescriptionCell.swift */,
				243CBC672A4058EE00EEE080 /* RowItemCell.swift */,
				24E3F1C12A98F1A3008A0430 /* BannerCell.swift */,
				2442EBD02A9D18D800B11CE3 /* InfoCell.swift */,
				2442EC192A9DCBDD00B11CE3 /* InlineFeedbackCell.swift */,
				24DCCABA2AA3682B00D46C29 /* PrimaryButtonCell.swift */,
				2442EC282A9E6A5600B11CE3 /* SecondaryButtonsCell.swift */,
				2442EC2A2A9F15F200B11CE3 /* SeparatorCell.swift */,
			);
			path = TableCells;
			sourceTree = "<group>";
		};
		243CBC2D2A402E9B00EEE080 /* Resource */ = {
			isa = PBXGroup;
			children = (
				243CBC2E2A402EAF00EEE080 /* ResourceView.swift */,
				243CBC302A402F1B00EEE080 /* ResourceType.swift */,
			);
			path = Resource;
			sourceTree = "<group>";
		};
		243CBC342A4033AB00EEE080 /* PageDescription */ = {
			isa = PBXGroup;
			children = (
				243CBC372A4033D900EEE080 /* PageDescription.swift */,
				243CBC392A4033FD00EEE080 /* PageDescriptionViewModel.swift */,
			);
			path = PageDescription;
			sourceTree = "<group>";
		};
		243CBC3D2A403BC700EEE080 /* SmallButton */ = {
			isa = PBXGroup;
			children = (
				243CBC3E2A403BF800EEE080 /* SmallButton.swift */,
				243CBC402A403C0400EEE080 /* SmallButtonViewModel.swift */,
			);
			path = SmallButton;
			sourceTree = "<group>";
		};
		243CBC422A403E0500EEE080 /* RowItem */ = {
			isa = PBXGroup;
			children = (
				243CBC432A403E3500EEE080 /* RowItem.swift */,
				243CBC452A403E4100EEE080 /* RowItemViewModel.swift */,
			);
			path = RowItem;
			sourceTree = "<group>";
		};
		2442EB802A9A7E2C00B11CE3 /* Status Banner */ = {
			isa = PBXGroup;
			children = (
				2442EB812A9A7E4F00B11CE3 /* StatusBanner.swift */,
				2442EB832A9A818A00B11CE3 /* UIViewController + Banner.swift */,
			);
			path = "Status Banner";
			sourceTree = "<group>";
		};
		2442EB912A9B4EB100B11CE3 /* Loader */ = {
			isa = PBXGroup;
			children = (
				2442EB922A9B4EC000B11CE3 /* Loader.swift */,
				2442EB942A9B4EE300B11CE3 /* UIViewConroller + Loader.swift */,
			);
			path = Loader;
			sourceTree = "<group>";
		};
		2442EBCD2A9BDEFD00B11CE3 /* SecondaryButton */ = {
			isa = PBXGroup;
			children = (
				2442EBCE2A9D173C00B11CE3 /* SecondaryButton.swift */,
			);
			path = SecondaryButton;
			sourceTree = "<group>";
		};
		2442EBDA2A9DC90B00B11CE3 /* InlineFeedback */ = {
			isa = PBXGroup;
			children = (
				2442EBDB2A9DC92D00B11CE3 /* InlineFeedback.swift */,
			);
			path = InlineFeedback;
			sourceTree = "<group>";
		};
		2452F0272A2F0E06005F4DDF /* NavigationBar */ = {
			isa = PBXGroup;
			children = (
				2452F0282A2F0E1A005F4DDF /* CustomNavigation.swift */,
				2452F02A2A2F168A005F4DDF /* BackBarButtonItem.swift */,
			);
			path = NavigationBar;
			sourceTree = "<group>";
		};
		2452F0342A2F6E92005F4DDF /* GenericTable */ = {
			isa = PBXGroup;
			children = (
				2452F0352A2F6EB7005F4DDF /* GenericTableView.swift */,
			);
			path = GenericTable;
			sourceTree = "<group>";
		};
		2466229D2A13664D00287AA7 /* LocalLabel */ = {
			isa = PBXGroup;
			children = (
				2466229E2A13665E00287AA7 /* LocalLabel.swift */,
				246622A02A13668800287AA7 /* LocalLabelModel.swift */,
			);
			path = LocalLabel;
			sourceTree = "<group>";
		};
		2466C3DD2A14AFC400E7B400 /* PrimaryButton */ = {
			isa = PBXGroup;
			children = (
				2466C3DE2A14AFEB00E7B400 /* PrimaryButton.swift */,
				2466C3E02A14B01300E7B400 /* PrimaryButtonModel.swift */,
				2466C3E22A14B54B00E7B400 /* PrimaryButtonStateColors.swift */,
			);
			path = PrimaryButton;
			sourceTree = "<group>";
		};
		2490E2FA2A02ED2D0073DBDE /* Images */ = {
			isa = PBXGroup;
			children = (
				2490E2FD2A02ED600073DBDE /* ImageWrapper.swift */,
				2490E2FF2A02EDFD0073DBDE /* Images.swift */,
				2490E2FB2A02ED4F0073DBDE /* ImageResources.xcassets */,
			);
			path = Images;
			sourceTree = "<group>";
		};
		2490E3242A03848E0073DBDE /* Frameworks */ = {
			isa = PBXGroup;
			children = (
				2490E3252A03848E0073DBDE /* Core.framework */,
			);
			name = Frameworks;
			sourceTree = "<group>";
		};
		2490E3432A041A2C0073DBDE /* ComponentBook */ = {
			isa = PBXGroup;
			children = (
				243CBC112A3E097E00EEE080 /* TableCells */,
				2442EB912A9B4EB100B11CE3 /* Loader */,
				24F4ED432AA0ECF800882C19 /* Library navigation component */,
				2442EB802A9A7E2C00B11CE3 /* Status Banner */,
				243CBC422A403E0500EEE080 /* RowItem */,
				243CBC3D2A403BC700EEE080 /* SmallButton */,
				243CBC342A4033AB00EEE080 /* PageDescription */,
				243CBC2D2A402E9B00EEE080 /* Resource */,
				2452F0342A2F6E92005F4DDF /* GenericTable */,
				2452F0272A2F0E06005F4DDF /* NavigationBar */,
				2466C3DD2A14AFC400E7B400 /* PrimaryButton */,
				2442EBCD2A9BDEFD00B11CE3 /* SecondaryButton */,
				2466229D2A13664D00287AA7 /* LocalLabel */,
				2442EBDA2A9DC90B00B11CE3 /* InlineFeedback */,
				24E3F1BC2A98ECE7008A0430 /* Banner */,
				242568A82A0D65300022A132 /* TextField */,
			);
			path = ComponentBook;
			sourceTree = "<group>";
		};
		24C7120529E5B13D00E5DE0B = {
			isa = PBXGroup;
			children = (
				24C7121129E5B13D00E5DE0B /* BrandBook */,
				24C7121029E5B13D00E5DE0B /* Products */,
				2490E3242A03848E0073DBDE /* Frameworks */,
			);
			sourceTree = "<group>";
		};
		24C7121029E5B13D00E5DE0B /* Products */ = {
			isa = PBXGroup;
			children = (
				24C7120F29E5B13D00E5DE0B /* BrandBook.framework */,
			);
			name = Products;
			sourceTree = "<group>";
		};
		24C7121129E5B13D00E5DE0B /* BrandBook */ = {
			isa = PBXGroup;
			children = (
				2490E3432A041A2C0073DBDE /* ComponentBook */,
				24C7128E29E5B2A500E5DE0B /* Governance */,
				2490E2FA2A02ED2D0073DBDE /* Images */,
				24C7132729E717DF00E5DE0B /* Lottie */,
				24C712A029E5BB4400E5DE0B /* Extensions */,
				24C7128929E5B2A500E5DE0B /* ColorBook */,
				24C7121229E5B13D00E5DE0B /* BrandBook.h */,
				24C7121329E5B13D00E5DE0B /* BrandBook.docc */,
			);
			path = BrandBook;
			sourceTree = "<group>";
		};
		24C7128929E5B2A500E5DE0B /* ColorBook */ = {
			isa = PBXGroup;
			children = (
				24C7128B29E5B2A500E5DE0B /* UserTheme.swift */,
				24C7128C29E5B2A500E5DE0B /* ColorWrapper.swift */,
				24C7128D29E5B2A500E5DE0B /* Color.swift */,
				24C7128A29E5B2A500E5DE0B /* Colors.xcassets */,
			);
			path = ColorBook;
			sourceTree = "<group>";
		};
		24C7128E29E5B2A500E5DE0B /* Governance */ = {
			isa = PBXGroup;
			children = (
				24C7128F29E5B2A500E5DE0B /* Brandbook.swift */,
			);
			path = Governance;
			sourceTree = "<group>";
		};
		24C712A029E5BB4400E5DE0B /* Extensions */ = {
			isa = PBXGroup;
			children = (
				2490E3412A040B270073DBDE /* DesignSystemConstants.swift */,
				24C712A129E5BB6500E5DE0B /* ConstraintsExtension.swift */,
				243CBC292A3F185800EEE080 /* RoundCorners.swift */,
			);
			path = Extensions;
			sourceTree = "<group>";
		};
		24C7132729E717DF00E5DE0B /* Lottie */ = {
			isa = PBXGroup;
			children = (
				24C7133729E718BF00E5DE0B /* Lottie Animations */,
				24C7133529E7181100E5DE0B /* LottieHandler.swift */,
			);
			path = Lottie;
			sourceTree = "<group>";
		};
		24C7133729E718BF00E5DE0B /* Lottie Animations */ = {
			isa = PBXGroup;
			children = (
				24F4ED772AA2653E00882C19 /* lazy.json */,
				2442EBD42A9D2BDF00B11CE3 /* finances.json */,
				2442EB962A9B53A200B11CE3 /* loader.json */,
				24C7133829E718DC00E5DE0B /* student_1.json */,
				24C7133929E718DC00E5DE0B /* student_2.json */,
				24C7133A29E718DC00E5DE0B /* student_3.json */,
			);
			path = "Lottie Animations";
			sourceTree = "<group>";
		};
		24E3F1BC2A98ECE7008A0430 /* Banner */ = {
			isa = PBXGroup;
			children = (
				24E3F1BD2A98ED0B008A0430 /* BannerView.swift */,
				24E3F1BF2A98ED18008A0430 /* BannerViewModel.swift */,
			);
			path = Banner;
			sourceTree = "<group>";
		};
		24F4ED432AA0ECF800882C19 /* Library navigation component */ = {
			isa = PBXGroup;
			children = (
				24F4ED442AA0ED1E00882C19 /* Navigator.swift */,
			);
			path = "Library navigation component";
			sourceTree = "<group>";
		};
/* End PBXGroup section */

/* Begin PBXHeadersBuildPhase section */
		24C7120A29E5B13D00E5DE0B /* Headers */ = {
			isa = PBXHeadersBuildPhase;
			buildActionMask = 2147483647;
			files = (
				24C7121529E5B13D00E5DE0B /* BrandBook.h in Headers */,
			);
			runOnlyForDeploymentPostprocessing = 0;
		};
/* End PBXHeadersBuildPhase section */

/* Begin PBXNativeTarget section */
		24C7120E29E5B13D00E5DE0B /* BrandBook */ = {
			isa = PBXNativeTarget;
			buildConfigurationList = 24C7121829E5B13D00E5DE0B /* Build configuration list for PBXNativeTarget "BrandBook" */;
			buildPhases = (
				24C7120A29E5B13D00E5DE0B /* Headers */,
				24C7120B29E5B13D00E5DE0B /* Sources */,
				24C7120C29E5B13D00E5DE0B /* Frameworks */,
				24C7120D29E5B13D00E5DE0B /* Resources */,
			);
			buildRules = (
			);
			dependencies = (
			);
			name = BrandBook;
			packageProductDependencies = (
				24C712EB29E5E5F800E5DE0B /* Lottie */,
				24E7644F2A0CBD9F00E4FA74 /* IQKeyboardManagerSwift */,
				24E764552A0CBDE300E4FA74 /* SDWebImage */,
			);
			productName = BrandBook;
			productReference = 24C7120F29E5B13D00E5DE0B /* BrandBook.framework */;
			productType = "com.apple.product-type.framework";
		};
/* End PBXNativeTarget section */

/* Begin PBXProject section */
		24C7120629E5B13D00E5DE0B /* Project object */ = {
			isa = PBXProject;
			attributes = {
				BuildIndependentTargetsInParallel = 1;
				LastUpgradeCheck = 1420;
				TargetAttributes = {
					24C7120E29E5B13D00E5DE0B = {
						CreatedOnToolsVersion = 14.2;
						LastSwiftMigration = 1420;
					};
				};
			};
			buildConfigurationList = 24C7120929E5B13D00E5DE0B /* Build configuration list for PBXProject "BrandBook" */;
			compatibilityVersion = "Xcode 14.0";
			developmentRegion = en;
			hasScannedForEncodings = 0;
			knownRegions = (
				en,
				Base,
			);
			mainGroup = 24C7120529E5B13D00E5DE0B;
			packageReferences = (
				24C712EA29E5E5F800E5DE0B /* XCRemoteSwiftPackageReference "lottie-ios" */,
				24E7644E2A0CBD9F00E4FA74 /* XCRemoteSwiftPackageReference "IQKeyboardManager" */,
				24E764542A0CBDE300E4FA74 /* XCRemoteSwiftPackageReference "SDWebImage" */,
			);
			productRefGroup = 24C7121029E5B13D00E5DE0B /* Products */;
			projectDirPath = "";
			projectRoot = "";
			targets = (
				24C7120E29E5B13D00E5DE0B /* BrandBook */,
			);
		};
/* End PBXProject section */

/* Begin PBXResourcesBuildPhase section */
		24C7120D29E5B13D00E5DE0B /* Resources */ = {
			isa = PBXResourcesBuildPhase;
			buildActionMask = 2147483647;
			files = (
				24C7129029E5B2A500E5DE0B /* Colors.xcassets in Resources */,
				24F4ED782AA2653E00882C19 /* lazy.json in Resources */,
				2490E2FC2A02ED4F0073DBDE /* ImageResources.xcassets in Resources */,
				2442EB972A9B53A200B11CE3 /* loader.json in Resources */,
				24C7133C29E718DC00E5DE0B /* student_2.json in Resources */,
				2442EBD52A9D2BDF00B11CE3 /* finances.json in Resources */,
				24C7133B29E718DC00E5DE0B /* student_1.json in Resources */,
				24C7133D29E718DC00E5DE0B /* student_3.json in Resources */,
			);
			runOnlyForDeploymentPostprocessing = 0;
		};
/* End PBXResourcesBuildPhase section */

/* Begin PBXSourcesBuildPhase section */
		24C7120B29E5B13D00E5DE0B /* Sources */ = {
			isa = PBXSourcesBuildPhase;
			buildActionMask = 2147483647;
			files = (
				24C712A229E5BB6500E5DE0B /* ConstraintsExtension.swift in Sources */,
				24DCCABB2AA3682B00D46C29 /* PrimaryButtonCell.swift in Sources */,
				2490E2FE2A02ED600073DBDE /* ImageWrapper.swift in Sources */,
				24E3F1C02A98ED18008A0430 /* BannerViewModel.swift in Sources */,
				2442EBDC2A9DC92D00B11CE3 /* InlineFeedback.swift in Sources */,
				24E3F1BE2A98ED0B008A0430 /* BannerView.swift in Sources */,
				2442EBCF2A9D173C00B11CE3 /* SecondaryButton.swift in Sources */,
				2466C3E32A14B54B00E7B400 /* PrimaryButtonStateColors.swift in Sources */,
				2452F02B2A2F168A005F4DDF /* BackBarButtonItem.swift in Sources */,
				246622A12A13668800287AA7 /* LocalLabelModel.swift in Sources */,
				243CBC312A402F1B00EEE080 /* ResourceType.swift in Sources */,
				243CBC3A2A4033FD00EEE080 /* PageDescriptionViewModel.swift in Sources */,
				2466229F2A13665E00287AA7 /* LocalLabel.swift in Sources */,
				2442EC2B2A9F15F200B11CE3 /* SeparatorCell.swift in Sources */,
				2452F0292A2F0E1A005F4DDF /* CustomNavigation.swift in Sources */,
				243CBC2C2A3F264700EEE080 /* RoundedHeaderWithTitle.swift in Sources */,
				243CBC382A4033D900EEE080 /* PageDescription.swift in Sources */,
				243CBC1B2A3F16AF00EEE080 /* TextFieldCell.swift in Sources */,
				243CBC462A403E4100EEE080 /* RowItemViewModel.swift in Sources */,
				2452F0362A2F6EB7005F4DDF /* GenericTableView.swift in Sources */,
				2442EBD12A9D18D800B11CE3 /* InfoCell.swift in Sources */,
				24C7129129E5B2A500E5DE0B /* UserTheme.swift in Sources */,
				242568AB2A0D65600022A132 /* TextFieldView.swift in Sources */,
				243CBC2F2A402EAF00EEE080 /* ResourceView.swift in Sources */,
				24C7129429E5B2A500E5DE0B /* Brandbook.swift in Sources */,
				243CBC3C2A40366200EEE080 /* PageDescriptionCell.swift in Sources */,
				2490E3002A02EDFD0073DBDE /* Images.swift in Sources */,
				243CBC152A3F165E00EEE080 /* RoundedHeader.swift in Sources */,
				2466C3E12A14B01300E7B400 /* PrimaryButtonModel.swift in Sources */,
				2442EB952A9B4EE300B11CE3 /* UIViewConroller + Loader.swift in Sources */,
				243CBC192A3F167600EEE080 /* SpacerCell.swift in Sources */,
				243CBC412A403C0400EEE080 /* SmallButtonViewModel.swift in Sources */,
				243CBC442A403E3500EEE080 /* RowItem.swift in Sources */,
				24E3F1C22A98F1A3008A0430 /* BannerCell.swift in Sources */,
				24F4ED452AA0ED1E00882C19 /* Navigator.swift in Sources */,
				243CBC172A3F166B00EEE080 /* RoundedFooter.swift in Sources */,
				243CBC2A2A3F185800EEE080 /* RoundCorners.swift in Sources */,
				2442EC1A2A9DCBDD00B11CE3 /* InlineFeedbackCell.swift in Sources */,
				2442EB932A9B4EC000B11CE3 /* Loader.swift in Sources */,
				243CBC682A4058EE00EEE080 /* RowItemCell.swift in Sources */,
				2490E3422A040B270073DBDE /* DesignSystemConstants.swift in Sources */,
				24C7129329E5B2A500E5DE0B /* Color.swift in Sources */,
				2442EB822A9A7E4F00B11CE3 /* StatusBanner.swift in Sources */,
				2442EC292A9E6A5600B11CE3 /* SecondaryButtonsCell.swift in Sources */,
				242568AD2A0D65770022A132 /* TextFieldViewModel.swift in Sources */,
				246622742A12BFAE00287AA7 /* TextFieldState.swift in Sources */,
				2442EB842A9A818A00B11CE3 /* UIViewController + Banner.swift in Sources */,
				24C7133629E7181100E5DE0B /* LottieHandler.swift in Sources */,
				24C7129229E5B2A500E5DE0B /* ColorWrapper.swift in Sources */,
				2466C3DF2A14AFEB00E7B400 /* PrimaryButton.swift in Sources */,
				243CBC132A3E099500EEE080 /* LocalLabelCell.swift in Sources */,
				24C7121429E5B13D00E5DE0B /* BrandBook.docc in Sources */,
				243CBC3F2A403BF800EEE080 /* SmallButton.swift in Sources */,
			);
			runOnlyForDeploymentPostprocessing = 0;
		};
/* End PBXSourcesBuildPhase section */

/* Begin XCBuildConfiguration section */
		24C7121629E5B13D00E5DE0B /* Debug */ = {
			isa = XCBuildConfiguration;
			buildSettings = {
				ALWAYS_SEARCH_USER_PATHS = NO;
				CLANG_ANALYZER_NONNULL = YES;
				CLANG_ANALYZER_NUMBER_OBJECT_CONVERSION = YES_AGGRESSIVE;
				CLANG_CXX_LANGUAGE_STANDARD = "gnu++20";
				CLANG_ENABLE_MODULES = YES;
				CLANG_ENABLE_OBJC_ARC = YES;
				CLANG_ENABLE_OBJC_WEAK = YES;
				CLANG_WARN_BLOCK_CAPTURE_AUTORELEASING = YES;
				CLANG_WARN_BOOL_CONVERSION = YES;
				CLANG_WARN_COMMA = YES;
				CLANG_WARN_CONSTANT_CONVERSION = YES;
				CLANG_WARN_DEPRECATED_OBJC_IMPLEMENTATIONS = YES;
				CLANG_WARN_DIRECT_OBJC_ISA_USAGE = YES_ERROR;
				CLANG_WARN_DOCUMENTATION_COMMENTS = YES;
				CLANG_WARN_EMPTY_BODY = YES;
				CLANG_WARN_ENUM_CONVERSION = YES;
				CLANG_WARN_INFINITE_RECURSION = YES;
				CLANG_WARN_INT_CONVERSION = YES;
				CLANG_WARN_NON_LITERAL_NULL_CONVERSION = YES;
				CLANG_WARN_OBJC_IMPLICIT_RETAIN_SELF = YES;
				CLANG_WARN_OBJC_LITERAL_CONVERSION = YES;
				CLANG_WARN_OBJC_ROOT_CLASS = YES_ERROR;
				CLANG_WARN_QUOTED_INCLUDE_IN_FRAMEWORK_HEADER = YES;
				CLANG_WARN_RANGE_LOOP_ANALYSIS = YES;
				CLANG_WARN_STRICT_PROTOTYPES = YES;
				CLANG_WARN_SUSPICIOUS_MOVE = YES;
				CLANG_WARN_UNGUARDED_AVAILABILITY = YES_AGGRESSIVE;
				CLANG_WARN_UNREACHABLE_CODE = YES;
				CLANG_WARN__DUPLICATE_METHOD_MATCH = YES;
				COPY_PHASE_STRIP = NO;
				CURRENT_PROJECT_VERSION = 1;
				DEBUG_INFORMATION_FORMAT = dwarf;
				ENABLE_STRICT_OBJC_MSGSEND = YES;
				ENABLE_TESTABILITY = YES;
				GCC_C_LANGUAGE_STANDARD = gnu11;
				GCC_DYNAMIC_NO_PIC = NO;
				GCC_NO_COMMON_BLOCKS = YES;
				GCC_OPTIMIZATION_LEVEL = 0;
				GCC_PREPROCESSOR_DEFINITIONS = (
					"DEBUG=1",
					"$(inherited)",
				);
				GCC_WARN_64_TO_32_BIT_CONVERSION = YES;
				GCC_WARN_ABOUT_RETURN_TYPE = YES_ERROR;
				GCC_WARN_UNDECLARED_SELECTOR = YES;
				GCC_WARN_UNINITIALIZED_AUTOS = YES_AGGRESSIVE;
				GCC_WARN_UNUSED_FUNCTION = YES;
				GCC_WARN_UNUSED_VARIABLE = YES;
				IPHONEOS_DEPLOYMENT_TARGET = 13.0;
				MTL_ENABLE_DEBUG_INFO = INCLUDE_SOURCE;
				MTL_FAST_MATH = YES;
				ONLY_ACTIVE_ARCH = YES;
				SDKROOT = iphoneos;
				SWIFT_ACTIVE_COMPILATION_CONDITIONS = DEBUG;
				SWIFT_OPTIMIZATION_LEVEL = "-Onone";
				VERSIONING_SYSTEM = "apple-generic";
				VERSION_INFO_PREFIX = "";
			};
			name = Debug;
		};
		24C7121729E5B13D00E5DE0B /* Release */ = {
			isa = XCBuildConfiguration;
			buildSettings = {
				ALWAYS_SEARCH_USER_PATHS = NO;
				CLANG_ANALYZER_NONNULL = YES;
				CLANG_ANALYZER_NUMBER_OBJECT_CONVERSION = YES_AGGRESSIVE;
				CLANG_CXX_LANGUAGE_STANDARD = "gnu++20";
				CLANG_ENABLE_MODULES = YES;
				CLANG_ENABLE_OBJC_ARC = YES;
				CLANG_ENABLE_OBJC_WEAK = YES;
				CLANG_WARN_BLOCK_CAPTURE_AUTORELEASING = YES;
				CLANG_WARN_BOOL_CONVERSION = YES;
				CLANG_WARN_COMMA = YES;
				CLANG_WARN_CONSTANT_CONVERSION = YES;
				CLANG_WARN_DEPRECATED_OBJC_IMPLEMENTATIONS = YES;
				CLANG_WARN_DIRECT_OBJC_ISA_USAGE = YES_ERROR;
				CLANG_WARN_DOCUMENTATION_COMMENTS = YES;
				CLANG_WARN_EMPTY_BODY = YES;
				CLANG_WARN_ENUM_CONVERSION = YES;
				CLANG_WARN_INFINITE_RECURSION = YES;
				CLANG_WARN_INT_CONVERSION = YES;
				CLANG_WARN_NON_LITERAL_NULL_CONVERSION = YES;
				CLANG_WARN_OBJC_IMPLICIT_RETAIN_SELF = YES;
				CLANG_WARN_OBJC_LITERAL_CONVERSION = YES;
				CLANG_WARN_OBJC_ROOT_CLASS = YES_ERROR;
				CLANG_WARN_QUOTED_INCLUDE_IN_FRAMEWORK_HEADER = YES;
				CLANG_WARN_RANGE_LOOP_ANALYSIS = YES;
				CLANG_WARN_STRICT_PROTOTYPES = YES;
				CLANG_WARN_SUSPICIOUS_MOVE = YES;
				CLANG_WARN_UNGUARDED_AVAILABILITY = YES_AGGRESSIVE;
				CLANG_WARN_UNREACHABLE_CODE = YES;
				CLANG_WARN__DUPLICATE_METHOD_MATCH = YES;
				COPY_PHASE_STRIP = NO;
				CURRENT_PROJECT_VERSION = 1;
				DEBUG_INFORMATION_FORMAT = "dwarf-with-dsym";
				ENABLE_NS_ASSERTIONS = NO;
				ENABLE_STRICT_OBJC_MSGSEND = YES;
				GCC_C_LANGUAGE_STANDARD = gnu11;
				GCC_NO_COMMON_BLOCKS = YES;
				GCC_WARN_64_TO_32_BIT_CONVERSION = YES;
				GCC_WARN_ABOUT_RETURN_TYPE = YES_ERROR;
				GCC_WARN_UNDECLARED_SELECTOR = YES;
				GCC_WARN_UNINITIALIZED_AUTOS = YES_AGGRESSIVE;
				GCC_WARN_UNUSED_FUNCTION = YES;
				GCC_WARN_UNUSED_VARIABLE = YES;
				IPHONEOS_DEPLOYMENT_TARGET = 13.0;
				MTL_ENABLE_DEBUG_INFO = NO;
				MTL_FAST_MATH = YES;
				SDKROOT = iphoneos;
				SWIFT_COMPILATION_MODE = wholemodule;
				SWIFT_OPTIMIZATION_LEVEL = "-O";
				VALIDATE_PRODUCT = YES;
				VERSIONING_SYSTEM = "apple-generic";
				VERSION_INFO_PREFIX = "";
			};
			name = Release;
		};
		24C7121929E5B13D00E5DE0B /* Debug */ = {
			isa = XCBuildConfiguration;
			buildSettings = {
				CLANG_ENABLE_MODULES = YES;
				CODE_SIGN_STYLE = Automatic;
				CURRENT_PROJECT_VERSION = 1;
				DEFINES_MODULE = YES;
				DEVELOPMENT_TEAM = 553TYVZR7V;
				DYLIB_COMPATIBILITY_VERSION = 1;
				DYLIB_CURRENT_VERSION = 1;
				DYLIB_INSTALL_NAME_BASE = "@rpath";
				GENERATE_INFOPLIST_FILE = YES;
				INFOPLIST_KEY_NSHumanReadableCopyright = "";
				INSTALL_PATH = "$(LOCAL_LIBRARY_DIR)/Frameworks";
				IPHONEOS_DEPLOYMENT_TARGET = 13.0;
				LD_RUNPATH_SEARCH_PATHS = (
					"$(inherited)",
					"@executable_path/Frameworks",
					"@loader_path/Frameworks",
				);
				MARKETING_VERSION = 1.0;
				PRODUCT_BUNDLE_IDENTIFIER = Shio.BrandBook;
				PRODUCT_NAME = "$(TARGET_NAME:c99extidentifier)";
				SKIP_INSTALL = YES;
				SWIFT_EMIT_LOC_STRINGS = YES;
				SWIFT_OBJC_BRIDGING_HEADER = "";
				SWIFT_OPTIMIZATION_LEVEL = "-Onone";
				SWIFT_VERSION = 5.0;
				TARGETED_DEVICE_FAMILY = "1,2";
			};
			name = Debug;
		};
		24C7121A29E5B13D00E5DE0B /* Release */ = {
			isa = XCBuildConfiguration;
			buildSettings = {
				CLANG_ENABLE_MODULES = YES;
				CODE_SIGN_STYLE = Automatic;
				CURRENT_PROJECT_VERSION = 1;
				DEFINES_MODULE = YES;
				DEVELOPMENT_TEAM = 553TYVZR7V;
				DYLIB_COMPATIBILITY_VERSION = 1;
				DYLIB_CURRENT_VERSION = 1;
				DYLIB_INSTALL_NAME_BASE = "@rpath";
				GENERATE_INFOPLIST_FILE = YES;
				INFOPLIST_KEY_NSHumanReadableCopyright = "";
				INSTALL_PATH = "$(LOCAL_LIBRARY_DIR)/Frameworks";
				IPHONEOS_DEPLOYMENT_TARGET = 13.0;
				LD_RUNPATH_SEARCH_PATHS = (
					"$(inherited)",
					"@executable_path/Frameworks",
					"@loader_path/Frameworks",
				);
				MARKETING_VERSION = 1.0;
				PRODUCT_BUNDLE_IDENTIFIER = Shio.BrandBook;
				PRODUCT_NAME = "$(TARGET_NAME:c99extidentifier)";
				SKIP_INSTALL = YES;
				SWIFT_EMIT_LOC_STRINGS = YES;
				SWIFT_OBJC_BRIDGING_HEADER = "";
				SWIFT_VERSION = 5.0;
				TARGETED_DEVICE_FAMILY = "1,2";
			};
			name = Release;
		};
/* End XCBuildConfiguration section */

/* Begin XCConfigurationList section */
		24C7120929E5B13D00E5DE0B /* Build configuration list for PBXProject "BrandBook" */ = {
			isa = XCConfigurationList;
			buildConfigurations = (
				24C7121629E5B13D00E5DE0B /* Debug */,
				24C7121729E5B13D00E5DE0B /* Release */,
			);
			defaultConfigurationIsVisible = 0;
			defaultConfigurationName = Release;
		};
		24C7121829E5B13D00E5DE0B /* Build configuration list for PBXNativeTarget "BrandBook" */ = {
			isa = XCConfigurationList;
			buildConfigurations = (
				24C7121929E5B13D00E5DE0B /* Debug */,
				24C7121A29E5B13D00E5DE0B /* Release */,
			);
			defaultConfigurationIsVisible = 0;
			defaultConfigurationName = Release;
		};
/* End XCConfigurationList section */

/* Begin XCRemoteSwiftPackageReference section */
		24C712EA29E5E5F800E5DE0B /* XCRemoteSwiftPackageReference "lottie-ios" */ = {
			isa = XCRemoteSwiftPackageReference;
			repositoryURL = "https://github.com/airbnb/lottie-ios.git";
			requirement = {
				kind = exactVersion;
				version = 3.1.2;
			};
		};
		24E7644E2A0CBD9F00E4FA74 /* XCRemoteSwiftPackageReference "IQKeyboardManager" */ = {
			isa = XCRemoteSwiftPackageReference;
			repositoryURL = "https://github.com/hackiftekhar/IQKeyboardManager";
			requirement = {
				kind = exactVersion;
				version = 6.5.0;
			};
		};
		24E764542A0CBDE300E4FA74 /* XCRemoteSwiftPackageReference "SDWebImage" */ = {
			isa = XCRemoteSwiftPackageReference;
			repositoryURL = "https://github.com/SDWebImage/SDWebImage.git";
			requirement = {
				branch = master;
				kind = branch;
			};
		};
/* End XCRemoteSwiftPackageReference section */

/* Begin XCSwiftPackageProductDependency section */
		24C712EB29E5E5F800E5DE0B /* Lottie */ = {
			isa = XCSwiftPackageProductDependency;
			package = 24C712EA29E5E5F800E5DE0B /* XCRemoteSwiftPackageReference "lottie-ios" */;
			productName = Lottie;
		};
		24E7644F2A0CBD9F00E4FA74 /* IQKeyboardManagerSwift */ = {
			isa = XCSwiftPackageProductDependency;
			package = 24E7644E2A0CBD9F00E4FA74 /* XCRemoteSwiftPackageReference "IQKeyboardManager" */;
			productName = IQKeyboardManagerSwift;
		};
		24E764552A0CBDE300E4FA74 /* SDWebImage */ = {
			isa = XCSwiftPackageProductDependency;
			package = 24E764542A0CBDE300E4FA74 /* XCRemoteSwiftPackageReference "SDWebImage" */;
			productName = SDWebImage;
		};
/* End XCSwiftPackageProductDependency section */
	};
	rootObject = 24C7120629E5B13D00E5DE0B /* Project object */;
}
