// !$*UTF8*$!
{
	archiveVersion = 1;
	classes = {
	};
	objectVersion = 56;
	objects = {

/* Begin PBXBuildFile section */
		24C7117029E5ADC200E5DE0B /* AppDelegate.swift in Sources */ = {isa = PBXBuildFile; fileRef = 24C7116F29E5ADC200E5DE0B /* AppDelegate.swift */; };
		24C7117229E5ADC200E5DE0B /* SceneDelegate.swift in Sources */ = {isa = PBXBuildFile; fileRef = 24C7117129E5ADC200E5DE0B /* SceneDelegate.swift */; };
		24C7117429E5ADC200E5DE0B /* ViewController.swift in Sources */ = {isa = PBXBuildFile; fileRef = 24C7117329E5ADC200E5DE0B /* ViewController.swift */; };
		24C7117929E5ADC300E5DE0B /* Assets.xcassets in Resources */ = {isa = PBXBuildFile; fileRef = 24C7117829E5ADC300E5DE0B /* Assets.xcassets */; };
		24C7127A29E5B1F000E5DE0B /* BrandBook.framework in Frameworks */ = {isa = PBXBuildFile; fileRef = 24C7122029E5B13E00E5DE0B /* BrandBook.framework */; };
		24C7127B29E5B1F000E5DE0B /* BrandBook.framework in Embed Frameworks */ = {isa = PBXBuildFile; fileRef = 24C7122029E5B13E00E5DE0B /* BrandBook.framework */; settings = {ATTRIBUTES = (CodeSignOnCopy, RemoveHeadersOnCopy, ); }; };
		24C7127F29E5B1F300E5DE0B /* Core.framework in Frameworks */ = {isa = PBXBuildFile; fileRef = 24C7127429E5B1CC00E5DE0B /* Core.framework */; };
		24C7128029E5B1F300E5DE0B /* Core.framework in Embed Frameworks */ = {isa = PBXBuildFile; fileRef = 24C7127429E5B1CC00E5DE0B /* Core.framework */; settings = {ATTRIBUTES = (CodeSignOnCopy, RemoveHeadersOnCopy, ); }; };
		24C7128129E5B1F700E5DE0B /* NetworkLayer.framework in Frameworks */ = {isa = PBXBuildFile; fileRef = 24C7123C29E5B18100E5DE0B /* NetworkLayer.framework */; };
		24C7128229E5B1F700E5DE0B /* NetworkLayer.framework in Embed Frameworks */ = {isa = PBXBuildFile; fileRef = 24C7123C29E5B18100E5DE0B /* NetworkLayer.framework */; settings = {ATTRIBUTES = (CodeSignOnCopy, RemoveHeadersOnCopy, ); }; };
		24C7128329E5B1FA00E5DE0B /* SSO.framework in Frameworks */ = {isa = PBXBuildFile; fileRef = 24C7125829E5B1AE00E5DE0B /* SSO.framework */; };
		24C7128429E5B1FA00E5DE0B /* SSO.framework in Embed Frameworks */ = {isa = PBXBuildFile; fileRef = 24C7125829E5B1AE00E5DE0B /* SSO.framework */; settings = {ATTRIBUTES = (CodeSignOnCopy, RemoveHeadersOnCopy, ); }; };
		24C7129F29E5B55700E5DE0B /* EmisMainManager.swift in Sources */ = {isa = PBXBuildFile; fileRef = 24C7129E29E5B55700E5DE0B /* EmisMainManager.swift */; };
/* End PBXBuildFile section */

/* Begin PBXContainerItemProxy section */
		24C7121F29E5B13E00E5DE0B /* PBXContainerItemProxy */ = {
			isa = PBXContainerItemProxy;
			containerPortal = 24C7121B29E5B13D00E5DE0B /* BrandBook.xcodeproj */;
			proxyType = 2;
			remoteGlobalIDString = 24C7120F29E5B13D00E5DE0B;
			remoteInfo = BrandBook;
		};
		24C7123B29E5B18100E5DE0B /* PBXContainerItemProxy */ = {
			isa = PBXContainerItemProxy;
			containerPortal = 24C7123729E5B18100E5DE0B /* NetworkLayer.xcodeproj */;
			proxyType = 2;
			remoteGlobalIDString = 24C7122B29E5B18100E5DE0B;
			remoteInfo = NetworkLayer;
		};
		24C7125729E5B1AE00E5DE0B /* PBXContainerItemProxy */ = {
			isa = PBXContainerItemProxy;
			containerPortal = 24C7125329E5B1AE00E5DE0B /* SSO.xcodeproj */;
			proxyType = 2;
			remoteGlobalIDString = 24C7124729E5B1AE00E5DE0B;
			remoteInfo = SSO;
		};
		24C7127329E5B1CC00E5DE0B /* PBXContainerItemProxy */ = {
			isa = PBXContainerItemProxy;
			containerPortal = 24C7126F29E5B1CC00E5DE0B /* Core.xcodeproj */;
			proxyType = 2;
			remoteGlobalIDString = 24C7126329E5B1CC00E5DE0B;
			remoteInfo = Core;
		};
/* End PBXContainerItemProxy section */

/* Begin PBXCopyFilesBuildPhase section */
		24C711F929E5B06200E5DE0B /* Embed Frameworks */ = {
			isa = PBXCopyFilesBuildPhase;
			buildActionMask = 2147483647;
			dstPath = "";
			dstSubfolderSpec = 10;
			files = (
				24C7128229E5B1F700E5DE0B /* NetworkLayer.framework in Embed Frameworks */,
				24C7127B29E5B1F000E5DE0B /* BrandBook.framework in Embed Frameworks */,
				24C7128429E5B1FA00E5DE0B /* SSO.framework in Embed Frameworks */,
				24C7128029E5B1F300E5DE0B /* Core.framework in Embed Frameworks */,
			);
			name = "Embed Frameworks";
			runOnlyForDeploymentPostprocessing = 0;
		};
/* End PBXCopyFilesBuildPhase section */

/* Begin PBXFileReference section */
		24C7116C29E5ADC200E5DE0B /* Emis.app */ = {isa = PBXFileReference; explicitFileType = wrapper.application; includeInIndex = 0; path = Emis.app; sourceTree = BUILT_PRODUCTS_DIR; };
		24C7116F29E5ADC200E5DE0B /* AppDelegate.swift */ = {isa = PBXFileReference; lastKnownFileType = sourcecode.swift; path = AppDelegate.swift; sourceTree = "<group>"; };
		24C7117129E5ADC200E5DE0B /* SceneDelegate.swift */ = {isa = PBXFileReference; lastKnownFileType = sourcecode.swift; path = SceneDelegate.swift; sourceTree = "<group>"; };
		24C7117329E5ADC200E5DE0B /* ViewController.swift */ = {isa = PBXFileReference; lastKnownFileType = sourcecode.swift; path = ViewController.swift; sourceTree = "<group>"; };
		24C7117829E5ADC300E5DE0B /* Assets.xcassets */ = {isa = PBXFileReference; lastKnownFileType = folder.assetcatalog; path = Assets.xcassets; sourceTree = "<group>"; };
		24C7117D29E5ADC300E5DE0B /* Info.plist */ = {isa = PBXFileReference; lastKnownFileType = text.plist.xml; path = Info.plist; sourceTree = "<group>"; };
		24C7121B29E5B13D00E5DE0B /* BrandBook.xcodeproj */ = {isa = PBXFileReference; lastKnownFileType = "wrapper.pb-project"; name = BrandBook.xcodeproj; path = BrandBook/BrandBook.xcodeproj; sourceTree = SOURCE_ROOT; };
		24C7123729E5B18100E5DE0B /* NetworkLayer.xcodeproj */ = {isa = PBXFileReference; lastKnownFileType = "wrapper.pb-project"; name = NetworkLayer.xcodeproj; path = NetworkLayer/NetworkLayer.xcodeproj; sourceTree = SOURCE_ROOT; };
		24C7125329E5B1AE00E5DE0B /* SSO.xcodeproj */ = {isa = PBXFileReference; lastKnownFileType = "wrapper.pb-project"; name = SSO.xcodeproj; path = SSO/SSO.xcodeproj; sourceTree = SOURCE_ROOT; };
		24C7126F29E5B1CC00E5DE0B /* Core.xcodeproj */ = {isa = PBXFileReference; lastKnownFileType = "wrapper.pb-project"; name = Core.xcodeproj; path = Core/Core.xcodeproj; sourceTree = SOURCE_ROOT; };
		24C7129E29E5B55700E5DE0B /* EmisMainManager.swift */ = {isa = PBXFileReference; lastKnownFileType = sourcecode.swift; path = EmisMainManager.swift; sourceTree = "<group>"; };
/* End PBXFileReference section */

/* Begin PBXFrameworksBuildPhase section */
		24C7116929E5ADC200E5DE0B /* Frameworks */ = {
			isa = PBXFrameworksBuildPhase;
			buildActionMask = 2147483647;
			files = (
				24C7128129E5B1F700E5DE0B /* NetworkLayer.framework in Frameworks */,
				24C7127A29E5B1F000E5DE0B /* BrandBook.framework in Frameworks */,
				24C7128329E5B1FA00E5DE0B /* SSO.framework in Frameworks */,
				24C7127F29E5B1F300E5DE0B /* Core.framework in Frameworks */,
			);
			runOnlyForDeploymentPostprocessing = 0;
		};
/* End PBXFrameworksBuildPhase section */

/* Begin PBXGroup section */
		24C7116329E5ADC200E5DE0B = {
			isa = PBXGroup;
			children = (
				24C7120429E5B10100E5DE0B /* Dependency */,
				24C7116E29E5ADC200E5DE0B /* Emis */,
				24C7116D29E5ADC200E5DE0B /* Products */,
				24C711F629E5B06200E5DE0B /* Frameworks */,
			);
			sourceTree = "<group>";
		};
		24C7116D29E5ADC200E5DE0B /* Products */ = {
			isa = PBXGroup;
			children = (
				24C7116C29E5ADC200E5DE0B /* Emis.app */,
			);
			name = Products;
			sourceTree = "<group>";
		};
		24C7116E29E5ADC200E5DE0B /* Emis */ = {
			isa = PBXGroup;
			children = (
				24C7116F29E5ADC200E5DE0B /* AppDelegate.swift */,
				24C7117129E5ADC200E5DE0B /* SceneDelegate.swift */,
				24C7129E29E5B55700E5DE0B /* EmisMainManager.swift */,
				24C7129929E5B4EB00E5DE0B /* Scenes */,
				24C712ED29E5E61800E5DE0B /* Resources */,
				24C7117D29E5ADC300E5DE0B /* Info.plist */,
			);
			path = Emis;
			sourceTree = "<group>";
		};
		24C711F629E5B06200E5DE0B /* Frameworks */ = {
			isa = PBXGroup;
			children = (
			);
			name = Frameworks;
			sourceTree = "<group>";
		};
		24C7120429E5B10100E5DE0B /* Dependency */ = {
			isa = PBXGroup;
			children = (
				24C7126F29E5B1CC00E5DE0B /* Core.xcodeproj */,
				24C7125329E5B1AE00E5DE0B /* SSO.xcodeproj */,
				24C7123729E5B18100E5DE0B /* NetworkLayer.xcodeproj */,
				24C7121B29E5B13D00E5DE0B /* BrandBook.xcodeproj */,
			);
			path = Dependency;
			sourceTree = "<group>";
		};
		24C7121C29E5B13D00E5DE0B /* Products */ = {
			isa = PBXGroup;
			children = (
				24C7122029E5B13E00E5DE0B /* BrandBook.framework */,
			);
			name = Products;
			sourceTree = "<group>";
		};
		24C7123829E5B18100E5DE0B /* Products */ = {
			isa = PBXGroup;
			children = (
				24C7123C29E5B18100E5DE0B /* NetworkLayer.framework */,
			);
			name = Products;
			sourceTree = "<group>";
		};
		24C7125429E5B1AE00E5DE0B /* Products */ = {
			isa = PBXGroup;
			children = (
				24C7125829E5B1AE00E5DE0B /* SSO.framework */,
			);
			name = Products;
			sourceTree = "<group>";
		};
		24C7127029E5B1CC00E5DE0B /* Products */ = {
			isa = PBXGroup;
			children = (
				24C7127429E5B1CC00E5DE0B /* Core.framework */,
			);
			name = Products;
			sourceTree = "<group>";
		};
		24C7129929E5B4EB00E5DE0B /* Scenes */ = {
			isa = PBXGroup;
			children = (
				24C7117329E5ADC200E5DE0B /* ViewController.swift */,
			);
			path = Scenes;
			sourceTree = "<group>";
		};
		24C712ED29E5E61800E5DE0B /* Resources */ = {
			isa = PBXGroup;
			children = (
				24C7117829E5ADC300E5DE0B /* Assets.xcassets */,
			);
			path = Resources;
			sourceTree = "<group>";
		};
/* End PBXGroup section */

/* Begin PBXNativeTarget section */
		24C7116B29E5ADC200E5DE0B /* Emis */ = {
			isa = PBXNativeTarget;
			buildConfigurationList = 24C7118029E5ADC300E5DE0B /* Build configuration list for PBXNativeTarget "Emis" */;
			buildPhases = (
				24C7116829E5ADC200E5DE0B /* Sources */,
				24C7116929E5ADC200E5DE0B /* Frameworks */,
				24C7116A29E5ADC200E5DE0B /* Resources */,
				24C711F929E5B06200E5DE0B /* Embed Frameworks */,
			);
			buildRules = (
			);
			dependencies = (
			);
			name = Emis;
			productName = Emis;
			productReference = 24C7116C29E5ADC200E5DE0B /* Emis.app */;
			productType = "com.apple.product-type.application";
		};
/* End PBXNativeTarget section */

/* Begin PBXProject section */
		24C7116429E5ADC200E5DE0B /* Project object */ = {
			isa = PBXProject;
			attributes = {
				BuildIndependentTargetsInParallel = 1;
				LastSwiftUpdateCheck = 1420;
				LastUpgradeCheck = 1420;
				TargetAttributes = {
					24C7116B29E5ADC200E5DE0B = {
						CreatedOnToolsVersion = 14.2;
					};
				};
			};
			buildConfigurationList = 24C7116729E5ADC200E5DE0B /* Build configuration list for PBXProject "Emis" */;
			compatibilityVersion = "Xcode 14.0";
			developmentRegion = en;
			hasScannedForEncodings = 0;
			knownRegions = (
				en,
				Base,
			);
			mainGroup = 24C7116329E5ADC200E5DE0B;
			productRefGroup = 24C7116D29E5ADC200E5DE0B /* Products */;
			projectDirPath = "";
			projectReferences = (
				{
					ProductGroup = 24C7121C29E5B13D00E5DE0B /* Products */;
					ProjectRef = 24C7121B29E5B13D00E5DE0B /* BrandBook.xcodeproj */;
				},
				{
					ProductGroup = 24C7127029E5B1CC00E5DE0B /* Products */;
					ProjectRef = 24C7126F29E5B1CC00E5DE0B /* Core.xcodeproj */;
				},
				{
					ProductGroup = 24C7123829E5B18100E5DE0B /* Products */;
					ProjectRef = 24C7123729E5B18100E5DE0B /* NetworkLayer.xcodeproj */;
				},
				{
					ProductGroup = 24C7125429E5B1AE00E5DE0B /* Products */;
					ProjectRef = 24C7125329E5B1AE00E5DE0B /* SSO.xcodeproj */;
				},
			);
			projectRoot = "";
			targets = (
				24C7116B29E5ADC200E5DE0B /* Emis */,
			);
		};
/* End PBXProject section */

/* Begin PBXReferenceProxy section */
		24C7122029E5B13E00E5DE0B /* BrandBook.framework */ = {
			isa = PBXReferenceProxy;
			fileType = wrapper.framework;
			path = BrandBook.framework;
			remoteRef = 24C7121F29E5B13E00E5DE0B /* PBXContainerItemProxy */;
			sourceTree = BUILT_PRODUCTS_DIR;
		};
		24C7123C29E5B18100E5DE0B /* NetworkLayer.framework */ = {
			isa = PBXReferenceProxy;
			fileType = wrapper.framework;
			path = NetworkLayer.framework;
			remoteRef = 24C7123B29E5B18100E5DE0B /* PBXContainerItemProxy */;
			sourceTree = BUILT_PRODUCTS_DIR;
		};
		24C7125829E5B1AE00E5DE0B /* SSO.framework */ = {
			isa = PBXReferenceProxy;
			fileType = wrapper.framework;
			path = SSO.framework;
			remoteRef = 24C7125729E5B1AE00E5DE0B /* PBXContainerItemProxy */;
			sourceTree = BUILT_PRODUCTS_DIR;
		};
		24C7127429E5B1CC00E5DE0B /* Core.framework */ = {
			isa = PBXReferenceProxy;
			fileType = wrapper.framework;
			path = Core.framework;
			remoteRef = 24C7127329E5B1CC00E5DE0B /* PBXContainerItemProxy */;
			sourceTree = BUILT_PRODUCTS_DIR;
		};
/* End PBXReferenceProxy section */

/* Begin PBXResourcesBuildPhase section */
		24C7116A29E5ADC200E5DE0B /* Resources */ = {
			isa = PBXResourcesBuildPhase;
			buildActionMask = 2147483647;
			files = (
				24C7117929E5ADC300E5DE0B /* Assets.xcassets in Resources */,
			);
			runOnlyForDeploymentPostprocessing = 0;
		};
/* End PBXResourcesBuildPhase section */

/* Begin PBXSourcesBuildPhase section */
		24C7116829E5ADC200E5DE0B /* Sources */ = {
			isa = PBXSourcesBuildPhase;
			buildActionMask = 2147483647;
			files = (
				24C7117429E5ADC200E5DE0B /* ViewController.swift in Sources */,
				24C7117029E5ADC200E5DE0B /* AppDelegate.swift in Sources */,
				24C7129F29E5B55700E5DE0B /* EmisMainManager.swift in Sources */,
				24C7117229E5ADC200E5DE0B /* SceneDelegate.swift in Sources */,
			);
			runOnlyForDeploymentPostprocessing = 0;
		};
/* End PBXSourcesBuildPhase section */

/* Begin XCBuildConfiguration section */
		24C7117E29E5ADC300E5DE0B /* Debug */ = {
			isa = XCBuildConfiguration;
			buildSettings = {
				ALWAYS_SEARCH_USER_PATHS = NO;
				CLANG_ANALYZER_NONNULL = YES;
				CLANG_ANALYZER_NUMBER_OBJECT_CONVERSION = YES_AGGRESSIVE;
				CLANG_CXX_LANGUAGE_STANDARD = "gnu++20";
				CLANG_ENABLE_MODULES = YES;
				CLANG_ENABLE_OBJC_ARC = YES;
				CLANG_ENABLE_OBJC_WEAK = YES;
				CLANG_WARN_BLOCK_CAPTURE_AUTORELEASING = YES;
				CLANG_WARN_BOOL_CONVERSION = YES;
				CLANG_WARN_COMMA = YES;
				CLANG_WARN_CONSTANT_CONVERSION = YES;
				CLANG_WARN_DEPRECATED_OBJC_IMPLEMENTATIONS = YES;
				CLANG_WARN_DIRECT_OBJC_ISA_USAGE = YES_ERROR;
				CLANG_WARN_DOCUMENTATION_COMMENTS = YES;
				CLANG_WARN_EMPTY_BODY = YES;
				CLANG_WARN_ENUM_CONVERSION = YES;
				CLANG_WARN_INFINITE_RECURSION = YES;
				CLANG_WARN_INT_CONVERSION = YES;
				CLANG_WARN_NON_LITERAL_NULL_CONVERSION = YES;
				CLANG_WARN_OBJC_IMPLICIT_RETAIN_SELF = YES;
				CLANG_WARN_OBJC_LITERAL_CONVERSION = YES;
				CLANG_WARN_OBJC_ROOT_CLASS = YES_ERROR;
				CLANG_WARN_QUOTED_INCLUDE_IN_FRAMEWORK_HEADER = YES;
				CLANG_WARN_RANGE_LOOP_ANALYSIS = YES;
				CLANG_WARN_STRICT_PROTOTYPES = YES;
				CLANG_WARN_SUSPICIOUS_MOVE = YES;
				CLANG_WARN_UNGUARDED_AVAILABILITY = YES_AGGRESSIVE;
				CLANG_WARN_UNREACHABLE_CODE = YES;
				CLANG_WARN__DUPLICATE_METHOD_MATCH = YES;
				COPY_PHASE_STRIP = NO;
				DEBUG_INFORMATION_FORMAT = dwarf;
				ENABLE_STRICT_OBJC_MSGSEND = YES;
				ENABLE_TESTABILITY = YES;
				GCC_C_LANGUAGE_STANDARD = gnu11;
				GCC_DYNAMIC_NO_PIC = NO;
				GCC_NO_COMMON_BLOCKS = YES;
				GCC_OPTIMIZATION_LEVEL = 0;
				GCC_PREPROCESSOR_DEFINITIONS = (
					"DEBUG=1",
					"$(inherited)",
				);
				GCC_WARN_64_TO_32_BIT_CONVERSION = YES;
				GCC_WARN_ABOUT_RETURN_TYPE = YES_ERROR;
				GCC_WARN_UNDECLARED_SELECTOR = YES;
				GCC_WARN_UNINITIALIZED_AUTOS = YES_AGGRESSIVE;
				GCC_WARN_UNUSED_FUNCTION = YES;
				GCC_WARN_UNUSED_VARIABLE = YES;
				IPHONEOS_DEPLOYMENT_TARGET = 13.0;
				MTL_ENABLE_DEBUG_INFO = INCLUDE_SOURCE;
				MTL_FAST_MATH = YES;
				ONLY_ACTIVE_ARCH = YES;
				SDKROOT = iphoneos;
				SWIFT_ACTIVE_COMPILATION_CONDITIONS = DEBUG;
				SWIFT_OPTIMIZATION_LEVEL = "-Onone";
			};
			name = Debug;
		};
		24C7117F29E5ADC300E5DE0B /* Release */ = {
			isa = XCBuildConfiguration;
			buildSettings = {
				ALWAYS_SEARCH_USER_PATHS = NO;
				CLANG_ANALYZER_NONNULL = YES;
				CLANG_ANALYZER_NUMBER_OBJECT_CONVERSION = YES_AGGRESSIVE;
				CLANG_CXX_LANGUAGE_STANDARD = "gnu++20";
				CLANG_ENABLE_MODULES = YES;
				CLANG_ENABLE_OBJC_ARC = YES;
				CLANG_ENABLE_OBJC_WEAK = YES;
				CLANG_WARN_BLOCK_CAPTURE_AUTORELEASING = YES;
				CLANG_WARN_BOOL_CONVERSION = YES;
				CLANG_WARN_COMMA = YES;
				CLANG_WARN_CONSTANT_CONVERSION = YES;
				CLANG_WARN_DEPRECATED_OBJC_IMPLEMENTATIONS = YES;
				CLANG_WARN_DIRECT_OBJC_ISA_USAGE = YES_ERROR;
				CLANG_WARN_DOCUMENTATION_COMMENTS = YES;
				CLANG_WARN_EMPTY_BODY = YES;
				CLANG_WARN_ENUM_CONVERSION = YES;
				CLANG_WARN_INFINITE_RECURSION = YES;
				CLANG_WARN_INT_CONVERSION = YES;
				CLANG_WARN_NON_LITERAL_NULL_CONVERSION = YES;
				CLANG_WARN_OBJC_IMPLICIT_RETAIN_SELF = YES;
				CLANG_WARN_OBJC_LITERAL_CONVERSION = YES;
				CLANG_WARN_OBJC_ROOT_CLASS = YES_ERROR;
				CLANG_WARN_QUOTED_INCLUDE_IN_FRAMEWORK_HEADER = YES;
				CLANG_WARN_RANGE_LOOP_ANALYSIS = YES;
				CLANG_WARN_STRICT_PROTOTYPES = YES;
				CLANG_WARN_SUSPICIOUS_MOVE = YES;
				CLANG_WARN_UNGUARDED_AVAILABILITY = YES_AGGRESSIVE;
				CLANG_WARN_UNREACHABLE_CODE = YES;
				CLANG_WARN__DUPLICATE_METHOD_MATCH = YES;
				COPY_PHASE_STRIP = NO;
				DEBUG_INFORMATION_FORMAT = "dwarf-with-dsym";
				ENABLE_NS_ASSERTIONS = NO;
				ENABLE_STRICT_OBJC_MSGSEND = YES;
				GCC_C_LANGUAGE_STANDARD = gnu11;
				GCC_NO_COMMON_BLOCKS = YES;
				GCC_WARN_64_TO_32_BIT_CONVERSION = YES;
				GCC_WARN_ABOUT_RETURN_TYPE = YES_ERROR;
				GCC_WARN_UNDECLARED_SELECTOR = YES;
				GCC_WARN_UNINITIALIZED_AUTOS = YES_AGGRESSIVE;
				GCC_WARN_UNUSED_FUNCTION = YES;
				GCC_WARN_UNUSED_VARIABLE = YES;
				IPHONEOS_DEPLOYMENT_TARGET = 13.0;
				MTL_ENABLE_DEBUG_INFO = NO;
				MTL_FAST_MATH = YES;
				SDKROOT = iphoneos;
				SWIFT_COMPILATION_MODE = wholemodule;
				SWIFT_OPTIMIZATION_LEVEL = "-O";
				VALIDATE_PRODUCT = YES;
			};
			name = Release;
		};
		24C7118129E5ADC300E5DE0B /* Debug */ = {
			isa = XCBuildConfiguration;
			buildSettings = {
				ASSETCATALOG_COMPILER_APPICON_NAME = AppIcon;
				ASSETCATALOG_COMPILER_GLOBAL_ACCENT_COLOR_NAME = AccentColor;
				CODE_SIGN_STYLE = Automatic;
				CURRENT_PROJECT_VERSION = 1;
				DEVELOPMENT_TEAM = 553TYVZR7V;
				GENERATE_INFOPLIST_FILE = YES;
				INFOPLIST_FILE = Emis/Info.plist;
				INFOPLIST_KEY_UIApplicationSupportsIndirectInputEvents = YES;
				INFOPLIST_KEY_UIMainStoryboardFile = "";
				INFOPLIST_KEY_UISupportedInterfaceOrientations = UIInterfaceOrientationPortrait;
				IPHONEOS_DEPLOYMENT_TARGET = 13.0;
				LD_RUNPATH_SEARCH_PATHS = (
					"$(inherited)",
					"@executable_path/Frameworks",
				);
				MARKETING_VERSION = 1.0;
				PRODUCT_BUNDLE_IDENTIFIER = Shio.Emis;
				PRODUCT_NAME = "$(TARGET_NAME)";
				SUPPORTED_PLATFORMS = "iphoneos iphonesimulator";
				SUPPORTS_MACCATALYST = NO;
				SUPPORTS_MAC_DESIGNED_FOR_IPHONE_IPAD = NO;
				SWIFT_EMIT_LOC_STRINGS = YES;
				SWIFT_VERSION = 5.0;
				TARGETED_DEVICE_FAMILY = 1;
			};
			name = Debug;
		};
		24C7118229E5ADC300E5DE0B /* Release */ = {
			isa = XCBuildConfiguration;
			buildSettings = {
				ASSETCATALOG_COMPILER_APPICON_NAME = AppIcon;
				ASSETCATALOG_COMPILER_GLOBAL_ACCENT_COLOR_NAME = AccentColor;
				CODE_SIGN_STYLE = Automatic;
				CURRENT_PROJECT_VERSION = 1;
				DEVELOPMENT_TEAM = 553TYVZR7V;
				GENERATE_INFOPLIST_FILE = YES;
				INFOPLIST_FILE = Emis/Info.plist;
				INFOPLIST_KEY_UIApplicationSupportsIndirectInputEvents = YES;
				INFOPLIST_KEY_UIMainStoryboardFile = "";
				INFOPLIST_KEY_UISupportedInterfaceOrientations = UIInterfaceOrientationPortrait;
				IPHONEOS_DEPLOYMENT_TARGET = 13.0;
				LD_RUNPATH_SEARCH_PATHS = (
					"$(inherited)",
					"@executable_path/Frameworks",
				);
				MARKETING_VERSION = 1.0;
				PRODUCT_BUNDLE_IDENTIFIER = Shio.Emis;
				PRODUCT_NAME = "$(TARGET_NAME)";
				SUPPORTED_PLATFORMS = "iphoneos iphonesimulator";
				SUPPORTS_MACCATALYST = NO;
				SUPPORTS_MAC_DESIGNED_FOR_IPHONE_IPAD = NO;
				SWIFT_EMIT_LOC_STRINGS = YES;
				SWIFT_VERSION = 5.0;
				TARGETED_DEVICE_FAMILY = 1;
			};
			name = Release;
		};
/* End XCBuildConfiguration section */

/* Begin XCConfigurationList section */
		24C7116729E5ADC200E5DE0B /* Build configuration list for PBXProject "Emis" */ = {
			isa = XCConfigurationList;
			buildConfigurations = (
				24C7117E29E5ADC300E5DE0B /* Debug */,
				24C7117F29E5ADC300E5DE0B /* Release */,
			);
			defaultConfigurationIsVisible = 0;
			defaultConfigurationName = Release;
		};
		24C7118029E5ADC300E5DE0B /* Build configuration list for PBXNativeTarget "Emis" */ = {
			isa = XCConfigurationList;
			buildConfigurations = (
				24C7118129E5ADC300E5DE0B /* Debug */,
				24C7118229E5ADC300E5DE0B /* Release */,
			);
			defaultConfigurationIsVisible = 0;
			defaultConfigurationName = Release;
		};
/* End XCConfigurationList section */
	};
	rootObject = 24C7116429E5ADC200E5DE0B /* Project object */;
}
