// !$*UTF8*$!
{
	archiveVersion = 1;
	classes = {
	};
	objectVersion = 56;
	objects = {

/* Begin PBXBuildFile section */
		242568802A0D4DD30022A132 /* LoginPageViewModel.swift in Sources */ = {isa = PBXBuildFile; fileRef = 2425687F2A0D4DD30022A132 /* LoginPageViewModel.swift */; };
		242568822A0D4E030022A132 /* LoginPageRouter.swift in Sources */ = {isa = PBXBuildFile; fileRef = 242568812A0D4E030022A132 /* LoginPageRouter.swift */; };
		242568852A0D52360022A132 /* ResolverRegistration.swift in Sources */ = {isa = PBXBuildFile; fileRef = 242568842A0D52360022A132 /* ResolverRegistration.swift */; };
		242568872A0D52F70022A132 /* ResolverRegistration + Routers.swift in Sources */ = {isa = PBXBuildFile; fileRef = 242568862A0D52F70022A132 /* ResolverRegistration + Routers.swift */; };
		243CBC0C2A3DFFC900EEE080 /* ProfilePageController.swift in Sources */ = {isa = PBXBuildFile; fileRef = 243CBC0B2A3DFFC900EEE080 /* ProfilePageController.swift */; };
		243CBC0E2A3DFFE100EEE080 /* ProfilePageViewModel.swift in Sources */ = {isa = PBXBuildFile; fileRef = 243CBC0D2A3DFFE100EEE080 /* ProfilePageViewModel.swift */; };
		243CBC102A3E001100EEE080 /* ProfilePageRouter.swift in Sources */ = {isa = PBXBuildFile; fileRef = 243CBC0F2A3E001100EEE080 /* ProfilePageRouter.swift */; };
		2442EB722A9A5F3500B11CE3 /* ResolverRegistration + NetworkLayer.swift in Sources */ = {isa = PBXBuildFile; fileRef = 2442EB712A9A5F3500B11CE3 /* ResolverRegistration + NetworkLayer.swift */; };
		2442EBD72A9DB4A600B11CE3 /* MainPageViewModel.swift in Sources */ = {isa = PBXBuildFile; fileRef = 2442EBD62A9DB4A600B11CE3 /* MainPageViewModel.swift */; };
		2442EBD92A9DB4B600B11CE3 /* MainPageRouter.swift in Sources */ = {isa = PBXBuildFile; fileRef = 2442EBD82A9DB4B600B11CE3 /* MainPageRouter.swift */; };
		2442EC1D2A9DE6DA00B11CE3 /* MoreMenuItem.swift in Sources */ = {isa = PBXBuildFile; fileRef = 2442EC1C2A9DE6DA00B11CE3 /* MoreMenuItem.swift */; };
		2442EC202A9E0FAA00B11CE3 /* StudentFinancesInfoController.swift in Sources */ = {isa = PBXBuildFile; fileRef = 2442EC1F2A9E0FAA00B11CE3 /* StudentFinancesInfoController.swift */; };
		2442EC222A9E101C00B11CE3 /* StudentFinancesInfoViewModel.swift in Sources */ = {isa = PBXBuildFile; fileRef = 2442EC212A9E101C00B11CE3 /* StudentFinancesInfoViewModel.swift */; };
		2442EC342A9F6B1900B11CE3 /* LibraryPageController.swift in Sources */ = {isa = PBXBuildFile; fileRef = 2442EC332A9F6B1900B11CE3 /* LibraryPageController.swift */; };
		2442EC362A9F6B2A00B11CE3 /* LibraryPageViewModel.swift in Sources */ = {isa = PBXBuildFile; fileRef = 2442EC352A9F6B2A00B11CE3 /* LibraryPageViewModel.swift */; };
		2490E2F32A02EB600073DBDE /* LoginPageController.swift in Sources */ = {isa = PBXBuildFile; fileRef = 2490E2F22A02EB600073DBDE /* LoginPageController.swift */; };
		2490E2F52A02EB980073DBDE /* MoreMenuController.swift in Sources */ = {isa = PBXBuildFile; fileRef = 2490E2F42A02EB980073DBDE /* MoreMenuController.swift */; };
		2490E2F72A02EC120073DBDE /* TimeTablePage.swift in Sources */ = {isa = PBXBuildFile; fileRef = 2490E2F62A02EC120073DBDE /* TimeTablePage.swift */; };
		2490E2F92A02EC3C0073DBDE /* MainPageController.swift in Sources */ = {isa = PBXBuildFile; fileRef = 2490E2F82A02EC3C0073DBDE /* MainPageController.swift */; };
		2490E3012A02F7D30073DBDE /* TabBarController.swift in Sources */ = {isa = PBXBuildFile; fileRef = 2490E2EB2A02E38E0073DBDE /* TabBarController.swift */; };
		2490E32A2A0386E80073DBDE /* TabBarItem.swift in Sources */ = {isa = PBXBuildFile; fileRef = 2490E3292A0386E80073DBDE /* TabBarItem.swift */; };
		24A924F62A423C0400FEF291 /* MoreMenuViewModel.swift in Sources */ = {isa = PBXBuildFile; fileRef = 24A924F52A423C0400FEF291 /* MoreMenuViewModel.swift */; };
		24A924F82A423C0D00FEF291 /* MoreMenuRouter.swift in Sources */ = {isa = PBXBuildFile; fileRef = 24A924F72A423C0D00FEF291 /* MoreMenuRouter.swift */; };
		24A925052A42FBAB00FEF291 /* PasswordResetController.swift in Sources */ = {isa = PBXBuildFile; fileRef = 24A925042A42FBAB00FEF291 /* PasswordResetController.swift */; };
		24A925072A42FC0700FEF291 /* PasswordResetViewModel.swift in Sources */ = {isa = PBXBuildFile; fileRef = 24A925062A42FC0700FEF291 /* PasswordResetViewModel.swift */; };
		24A925092A42FC7B00FEF291 /* PasswordResetRouter.swift in Sources */ = {isa = PBXBuildFile; fileRef = 24A925082A42FC7B00FEF291 /* PasswordResetRouter.swift */; };
		24C7117029E5ADC200E5DE0B /* AppDelegate.swift in Sources */ = {isa = PBXBuildFile; fileRef = 24C7116F29E5ADC200E5DE0B /* AppDelegate.swift */; };
		24C7117229E5ADC200E5DE0B /* SceneDelegate.swift in Sources */ = {isa = PBXBuildFile; fileRef = 24C7117129E5ADC200E5DE0B /* SceneDelegate.swift */; };
		24C7117429E5ADC200E5DE0B /* EntryPage.swift in Sources */ = {isa = PBXBuildFile; fileRef = 24C7117329E5ADC200E5DE0B /* EntryPage.swift */; };
		24C7117929E5ADC300E5DE0B /* Assets.xcassets in Resources */ = {isa = PBXBuildFile; fileRef = 24C7117829E5ADC300E5DE0B /* Assets.xcassets */; };
		24C7127A29E5B1F000E5DE0B /* BrandBook.framework in Frameworks */ = {isa = PBXBuildFile; fileRef = 24C7122029E5B13E00E5DE0B /* BrandBook.framework */; };
		24C7127B29E5B1F000E5DE0B /* BrandBook.framework in Embed Frameworks */ = {isa = PBXBuildFile; fileRef = 24C7122029E5B13E00E5DE0B /* BrandBook.framework */; settings = {ATTRIBUTES = (CodeSignOnCopy, RemoveHeadersOnCopy, ); }; };
		24C7127F29E5B1F300E5DE0B /* Core.framework in Frameworks */ = {isa = PBXBuildFile; fileRef = 24C7127429E5B1CC00E5DE0B /* Core.framework */; };
		24C7128029E5B1F300E5DE0B /* Core.framework in Embed Frameworks */ = {isa = PBXBuildFile; fileRef = 24C7127429E5B1CC00E5DE0B /* Core.framework */; settings = {ATTRIBUTES = (CodeSignOnCopy, RemoveHeadersOnCopy, ); }; };
		24C7128129E5B1F700E5DE0B /* NetworkLayer.framework in Frameworks */ = {isa = PBXBuildFile; fileRef = 24C7123C29E5B18100E5DE0B /* NetworkLayer.framework */; };
		24C7128229E5B1F700E5DE0B /* NetworkLayer.framework in Embed Frameworks */ = {isa = PBXBuildFile; fileRef = 24C7123C29E5B18100E5DE0B /* NetworkLayer.framework */; settings = {ATTRIBUTES = (CodeSignOnCopy, RemoveHeadersOnCopy, ); }; };
		24C7128329E5B1FA00E5DE0B /* SSO.framework in Frameworks */ = {isa = PBXBuildFile; fileRef = 24C7125829E5B1AE00E5DE0B /* SSO.framework */; };
		24C7128429E5B1FA00E5DE0B /* SSO.framework in Embed Frameworks */ = {isa = PBXBuildFile; fileRef = 24C7125829E5B1AE00E5DE0B /* SSO.framework */; settings = {ATTRIBUTES = (CodeSignOnCopy, RemoveHeadersOnCopy, ); }; };
		24C7129F29E5B55700E5DE0B /* EmisMainManager.swift in Sources */ = {isa = PBXBuildFile; fileRef = 24C7129E29E5B55700E5DE0B /* EmisMainManager.swift */; };
/* End PBXBuildFile section */

/* Begin PBXContainerItemProxy section */
		24C7121F29E5B13E00E5DE0B /* PBXContainerItemProxy */ = {
			isa = PBXContainerItemProxy;
			containerPortal = 24C7121B29E5B13D00E5DE0B /* BrandBook.xcodeproj */;
			proxyType = 2;
			remoteGlobalIDString = 24C7120F29E5B13D00E5DE0B;
			remoteInfo = BrandBook;
		};
		24C7123B29E5B18100E5DE0B /* PBXContainerItemProxy */ = {
			isa = PBXContainerItemProxy;
			containerPortal = 24C7123729E5B18100E5DE0B /* NetworkLayer.xcodeproj */;
			proxyType = 2;
			remoteGlobalIDString = 24C7122B29E5B18100E5DE0B;
			remoteInfo = NetworkLayer;
		};
		24C7125729E5B1AE00E5DE0B /* PBXContainerItemProxy */ = {
			isa = PBXContainerItemProxy;
			containerPortal = 24C7125329E5B1AE00E5DE0B /* SSO.xcodeproj */;
			proxyType = 2;
			remoteGlobalIDString = 24C7124729E5B1AE00E5DE0B;
			remoteInfo = SSO;
		};
		24C7127329E5B1CC00E5DE0B /* PBXContainerItemProxy */ = {
			isa = PBXContainerItemProxy;
			containerPortal = 24C7126F29E5B1CC00E5DE0B /* Core.xcodeproj */;
			proxyType = 2;
			remoteGlobalIDString = 24C7126329E5B1CC00E5DE0B;
			remoteInfo = Core;
		};
/* End PBXContainerItemProxy section */

/* Begin PBXCopyFilesBuildPhase section */
		24C711F929E5B06200E5DE0B /* Embed Frameworks */ = {
			isa = PBXCopyFilesBuildPhase;
			buildActionMask = 2147483647;
			dstPath = "";
			dstSubfolderSpec = 10;
			files = (
				24C7128229E5B1F700E5DE0B /* NetworkLayer.framework in Embed Frameworks */,
				24C7127B29E5B1F000E5DE0B /* BrandBook.framework in Embed Frameworks */,
				24C7128429E5B1FA00E5DE0B /* SSO.framework in Embed Frameworks */,
				24C7128029E5B1F300E5DE0B /* Core.framework in Embed Frameworks */,
			);
			name = "Embed Frameworks";
			runOnlyForDeploymentPostprocessing = 0;
		};
/* End PBXCopyFilesBuildPhase section */

/* Begin PBXFileReference section */
		2425687F2A0D4DD30022A132 /* LoginPageViewModel.swift */ = {isa = PBXFileReference; lastKnownFileType = sourcecode.swift; path = LoginPageViewModel.swift; sourceTree = "<group>"; };
		242568812A0D4E030022A132 /* LoginPageRouter.swift */ = {isa = PBXFileReference; lastKnownFileType = sourcecode.swift; path = LoginPageRouter.swift; sourceTree = "<group>"; };
		242568842A0D52360022A132 /* ResolverRegistration.swift */ = {isa = PBXFileReference; lastKnownFileType = sourcecode.swift; path = ResolverRegistration.swift; sourceTree = "<group>"; };
		242568862A0D52F70022A132 /* ResolverRegistration + Routers.swift */ = {isa = PBXFileReference; lastKnownFileType = sourcecode.swift; path = "ResolverRegistration + Routers.swift"; sourceTree = "<group>"; };
		243CBC0B2A3DFFC900EEE080 /* ProfilePageController.swift */ = {isa = PBXFileReference; lastKnownFileType = sourcecode.swift; path = ProfilePageController.swift; sourceTree = "<group>"; };
		243CBC0D2A3DFFE100EEE080 /* ProfilePageViewModel.swift */ = {isa = PBXFileReference; lastKnownFileType = sourcecode.swift; path = ProfilePageViewModel.swift; sourceTree = "<group>"; };
		243CBC0F2A3E001100EEE080 /* ProfilePageRouter.swift */ = {isa = PBXFileReference; lastKnownFileType = sourcecode.swift; path = ProfilePageRouter.swift; sourceTree = "<group>"; };
		2442EB712A9A5F3500B11CE3 /* ResolverRegistration + NetworkLayer.swift */ = {isa = PBXFileReference; lastKnownFileType = sourcecode.swift; path = "ResolverRegistration + NetworkLayer.swift"; sourceTree = "<group>"; };
		2442EBD62A9DB4A600B11CE3 /* MainPageViewModel.swift */ = {isa = PBXFileReference; lastKnownFileType = sourcecode.swift; path = MainPageViewModel.swift; sourceTree = "<group>"; };
		2442EBD82A9DB4B600B11CE3 /* MainPageRouter.swift */ = {isa = PBXFileReference; lastKnownFileType = sourcecode.swift; path = MainPageRouter.swift; sourceTree = "<group>"; };
		2442EC1C2A9DE6DA00B11CE3 /* MoreMenuItem.swift */ = {isa = PBXFileReference; lastKnownFileType = sourcecode.swift; path = MoreMenuItem.swift; sourceTree = "<group>"; };
		2442EC1F2A9E0FAA00B11CE3 /* StudentFinancesInfoController.swift */ = {isa = PBXFileReference; lastKnownFileType = sourcecode.swift; path = StudentFinancesInfoController.swift; sourceTree = "<group>"; };
		2442EC212A9E101C00B11CE3 /* StudentFinancesInfoViewModel.swift */ = {isa = PBXFileReference; lastKnownFileType = sourcecode.swift; path = StudentFinancesInfoViewModel.swift; sourceTree = "<group>"; };
		2442EC332A9F6B1900B11CE3 /* LibraryPageController.swift */ = {isa = PBXFileReference; lastKnownFileType = sourcecode.swift; path = LibraryPageController.swift; sourceTree = "<group>"; };
		2442EC352A9F6B2A00B11CE3 /* LibraryPageViewModel.swift */ = {isa = PBXFileReference; lastKnownFileType = sourcecode.swift; path = LibraryPageViewModel.swift; sourceTree = "<group>"; };
		2490E2EB2A02E38E0073DBDE /* TabBarController.swift */ = {isa = PBXFileReference; lastKnownFileType = sourcecode.swift; path = TabBarController.swift; sourceTree = "<group>"; };
		2490E2F22A02EB600073DBDE /* LoginPageController.swift */ = {isa = PBXFileReference; lastKnownFileType = sourcecode.swift; path = LoginPageController.swift; sourceTree = "<group>"; };
		2490E2F42A02EB980073DBDE /* MoreMenuController.swift */ = {isa = PBXFileReference; lastKnownFileType = sourcecode.swift; path = MoreMenuController.swift; sourceTree = "<group>"; };
		2490E2F62A02EC120073DBDE /* TimeTablePage.swift */ = {isa = PBXFileReference; lastKnownFileType = sourcecode.swift; path = TimeTablePage.swift; sourceTree = "<group>"; };
		2490E2F82A02EC3C0073DBDE /* MainPageController.swift */ = {isa = PBXFileReference; lastKnownFileType = sourcecode.swift; path = MainPageController.swift; sourceTree = "<group>"; };
		2490E3292A0386E80073DBDE /* TabBarItem.swift */ = {isa = PBXFileReference; lastKnownFileType = sourcecode.swift; path = TabBarItem.swift; sourceTree = "<group>"; };
		24A924F52A423C0400FEF291 /* MoreMenuViewModel.swift */ = {isa = PBXFileReference; lastKnownFileType = sourcecode.swift; path = MoreMenuViewModel.swift; sourceTree = "<group>"; };
		24A924F72A423C0D00FEF291 /* MoreMenuRouter.swift */ = {isa = PBXFileReference; lastKnownFileType = sourcecode.swift; path = MoreMenuRouter.swift; sourceTree = "<group>"; };
		24A925042A42FBAB00FEF291 /* PasswordResetController.swift */ = {isa = PBXFileReference; lastKnownFileType = sourcecode.swift; path = PasswordResetController.swift; sourceTree = "<group>"; };
		24A925062A42FC0700FEF291 /* PasswordResetViewModel.swift */ = {isa = PBXFileReference; lastKnownFileType = sourcecode.swift; path = PasswordResetViewModel.swift; sourceTree = "<group>"; };
		24A925082A42FC7B00FEF291 /* PasswordResetRouter.swift */ = {isa = PBXFileReference; lastKnownFileType = sourcecode.swift; path = PasswordResetRouter.swift; sourceTree = "<group>"; };
		24C7116C29E5ADC200E5DE0B /* Emis.app */ = {isa = PBXFileReference; explicitFileType = wrapper.application; includeInIndex = 0; path = Emis.app; sourceTree = BUILT_PRODUCTS_DIR; };
		24C7116F29E5ADC200E5DE0B /* AppDelegate.swift */ = {isa = PBXFileReference; lastKnownFileType = sourcecode.swift; path = AppDelegate.swift; sourceTree = "<group>"; };
		24C7117129E5ADC200E5DE0B /* SceneDelegate.swift */ = {isa = PBXFileReference; lastKnownFileType = sourcecode.swift; path = SceneDelegate.swift; sourceTree = "<group>"; };
		24C7117329E5ADC200E5DE0B /* EntryPage.swift */ = {isa = PBXFileReference; lastKnownFileType = sourcecode.swift; path = EntryPage.swift; sourceTree = "<group>"; };
		24C7117829E5ADC300E5DE0B /* Assets.xcassets */ = {isa = PBXFileReference; lastKnownFileType = folder.assetcatalog; path = Assets.xcassets; sourceTree = "<group>"; };
		24C7117D29E5ADC300E5DE0B /* Info.plist */ = {isa = PBXFileReference; lastKnownFileType = text.plist.xml; path = Info.plist; sourceTree = "<group>"; };
		24C7121B29E5B13D00E5DE0B /* BrandBook.xcodeproj */ = {isa = PBXFileReference; lastKnownFileType = "wrapper.pb-project"; name = BrandBook.xcodeproj; path = BrandBook/BrandBook.xcodeproj; sourceTree = SOURCE_ROOT; };
		24C7123729E5B18100E5DE0B /* NetworkLayer.xcodeproj */ = {isa = PBXFileReference; lastKnownFileType = "wrapper.pb-project"; name = NetworkLayer.xcodeproj; path = NetworkLayer/NetworkLayer.xcodeproj; sourceTree = SOURCE_ROOT; };
		24C7125329E5B1AE00E5DE0B /* SSO.xcodeproj */ = {isa = PBXFileReference; lastKnownFileType = "wrapper.pb-project"; name = SSO.xcodeproj; path = SSO/SSO.xcodeproj; sourceTree = SOURCE_ROOT; };
		24C7126F29E5B1CC00E5DE0B /* Core.xcodeproj */ = {isa = PBXFileReference; lastKnownFileType = "wrapper.pb-project"; name = Core.xcodeproj; path = Core/Core.xcodeproj; sourceTree = SOURCE_ROOT; };
		24C7129E29E5B55700E5DE0B /* EmisMainManager.swift */ = {isa = PBXFileReference; lastKnownFileType = sourcecode.swift; path = EmisMainManager.swift; sourceTree = "<group>"; };
/* End PBXFileReference section */

/* Begin PBXFrameworksBuildPhase section */
		24C7116929E5ADC200E5DE0B /* Frameworks */ = {
			isa = PBXFrameworksBuildPhase;
			buildActionMask = 2147483647;
			files = (
				24C7128129E5B1F700E5DE0B /* NetworkLayer.framework in Frameworks */,
				24C7127A29E5B1F000E5DE0B /* BrandBook.framework in Frameworks */,
				24C7128329E5B1FA00E5DE0B /* SSO.framework in Frameworks */,
				24C7127F29E5B1F300E5DE0B /* Core.framework in Frameworks */,
			);
			runOnlyForDeploymentPostprocessing = 0;
		};
/* End PBXFrameworksBuildPhase section */

/* Begin PBXGroup section */
		242568832A0D52140022A132 /* Resolver */ = {
			isa = PBXGroup;
			children = (
				242568842A0D52360022A132 /* ResolverRegistration.swift */,
				242568862A0D52F70022A132 /* ResolverRegistration + Routers.swift */,
				2442EB712A9A5F3500B11CE3 /* ResolverRegistration + NetworkLayer.swift */,
			);
			path = Resolver;
			sourceTree = "<group>";
		};
		243CBC0A2A3DFFAB00EEE080 /* ProfilePage */ = {
			isa = PBXGroup;
			children = (
				243CBC0B2A3DFFC900EEE080 /* ProfilePageController.swift */,
				243CBC0D2A3DFFE100EEE080 /* ProfilePageViewModel.swift */,
				243CBC0F2A3E001100EEE080 /* ProfilePageRouter.swift */,
			);
			path = ProfilePage;
			sourceTree = "<group>";
		};
		2442EC1B2A9DE6CB00B11CE3 /* MoreMenuItems */ = {
			isa = PBXGroup;
			children = (
				2442EC1C2A9DE6DA00B11CE3 /* MoreMenuItem.swift */,
			);
			path = MoreMenuItems;
			sourceTree = "<group>";
		};
		2442EC1E2A9E0F6700B11CE3 /* Student Finances  */ = {
			isa = PBXGroup;
			children = (
				2442EC1F2A9E0FAA00B11CE3 /* StudentFinancesInfoController.swift */,
				2442EC212A9E101C00B11CE3 /* StudentFinancesInfoViewModel.swift */,
			);
			path = "Student Finances ";
			sourceTree = "<group>";
		};
		2442EC322A9F6AED00B11CE3 /* Library */ = {
			isa = PBXGroup;
			children = (
				2442EC332A9F6B1900B11CE3 /* LibraryPageController.swift */,
				2442EC352A9F6B2A00B11CE3 /* LibraryPageViewModel.swift */,
			);
			path = Library;
			sourceTree = "<group>";
		};
		2490E2E52A02E3670073DBDE /* EntryPage */ = {
			isa = PBXGroup;
			children = (
				24C7117329E5ADC200E5DE0B /* EntryPage.swift */,
			);
			path = EntryPage;
			sourceTree = "<group>";
		};
		2490E2EA2A02E3790073DBDE /* TabBar */ = {
			isa = PBXGroup;
			children = (
				2490E2EB2A02E38E0073DBDE /* TabBarController.swift */,
				2490E3292A0386E80073DBDE /* TabBarItem.swift */,
			);
			path = TabBar;
			sourceTree = "<group>";
		};
		2490E2EE2A02EA720073DBDE /* LoginPage */ = {
			isa = PBXGroup;
			children = (
				2490E2F22A02EB600073DBDE /* LoginPageController.swift */,
				2425687F2A0D4DD30022A132 /* LoginPageViewModel.swift */,
				242568812A0D4E030022A132 /* LoginPageRouter.swift */,
			);
			path = LoginPage;
			sourceTree = "<group>";
		};
		2490E2EF2A02EA8C0073DBDE /* MoreMenu */ = {
			isa = PBXGroup;
			children = (
				2442EC1B2A9DE6CB00B11CE3 /* MoreMenuItems */,
				2490E2F42A02EB980073DBDE /* MoreMenuController.swift */,
				24A924F52A423C0400FEF291 /* MoreMenuViewModel.swift */,
				24A924F72A423C0D00FEF291 /* MoreMenuRouter.swift */,
			);
			path = MoreMenu;
			sourceTree = "<group>";
		};
		2490E2F02A02EAA20073DBDE /* TimeTable */ = {
			isa = PBXGroup;
			children = (
				2490E2F62A02EC120073DBDE /* TimeTablePage.swift */,
			);
			path = TimeTable;
			sourceTree = "<group>";
		};
		2490E2F12A02EABE0073DBDE /* Main */ = {
			isa = PBXGroup;
			children = (
				2490E2F82A02EC3C0073DBDE /* MainPageController.swift */,
				2442EBD62A9DB4A600B11CE3 /* MainPageViewModel.swift */,
				2442EBD82A9DB4B600B11CE3 /* MainPageRouter.swift */,
			);
			path = Main;
			sourceTree = "<group>";
		};
		24A925032A42FB8D00FEF291 /* PasswordReset */ = {
			isa = PBXGroup;
			children = (
				24A925042A42FBAB00FEF291 /* PasswordResetController.swift */,
				24A925062A42FC0700FEF291 /* PasswordResetViewModel.swift */,
				24A925082A42FC7B00FEF291 /* PasswordResetRouter.swift */,
			);
			path = PasswordReset;
			sourceTree = "<group>";
		};
		24C7116329E5ADC200E5DE0B = {
			isa = PBXGroup;
			children = (
				24C7120429E5B10100E5DE0B /* Dependency */,
				24C7116E29E5ADC200E5DE0B /* Emis */,
				24C7116D29E5ADC200E5DE0B /* Products */,
				24C711F629E5B06200E5DE0B /* Frameworks */,
			);
			sourceTree = "<group>";
		};
		24C7116D29E5ADC200E5DE0B /* Products */ = {
			isa = PBXGroup;
			children = (
				24C7116C29E5ADC200E5DE0B /* Emis.app */,
			);
			name = Products;
			sourceTree = "<group>";
		};
		24C7116E29E5ADC200E5DE0B /* Emis */ = {
			isa = PBXGroup;
			children = (
				242568832A0D52140022A132 /* Resolver */,
				24C7116F29E5ADC200E5DE0B /* AppDelegate.swift */,
				24C7117129E5ADC200E5DE0B /* SceneDelegate.swift */,
				24C7129E29E5B55700E5DE0B /* EmisMainManager.swift */,
				2490E2E52A02E3670073DBDE /* EntryPage */,
				2490E2EA2A02E3790073DBDE /* TabBar */,
				24C7129929E5B4EB00E5DE0B /* Scenes */,
				24C712ED29E5E61800E5DE0B /* Resources */,
				24C7117D29E5ADC300E5DE0B /* Info.plist */,
			);
			path = Emis;
			sourceTree = "<group>";
		};
		24C711F629E5B06200E5DE0B /* Frameworks */ = {
			isa = PBXGroup;
			children = (
			);
			name = Frameworks;
			sourceTree = "<group>";
		};
		24C7120429E5B10100E5DE0B /* Dependency */ = {
			isa = PBXGroup;
			children = (
				24C7126F29E5B1CC00E5DE0B /* Core.xcodeproj */,
				24C7125329E5B1AE00E5DE0B /* SSO.xcodeproj */,
				24C7123729E5B18100E5DE0B /* NetworkLayer.xcodeproj */,
				24C7121B29E5B13D00E5DE0B /* BrandBook.xcodeproj */,
			);
			path = Dependency;
			sourceTree = "<group>";
		};
		24C7121C29E5B13D00E5DE0B /* Products */ = {
			isa = PBXGroup;
			children = (
				24C7122029E5B13E00E5DE0B /* BrandBook.framework */,
			);
			name = Products;
			sourceTree = "<group>";
		};
		24C7123829E5B18100E5DE0B /* Products */ = {
			isa = PBXGroup;
			children = (
				24C7123C29E5B18100E5DE0B /* NetworkLayer.framework */,
			);
			name = Products;
			sourceTree = "<group>";
		};
		24C7125429E5B1AE00E5DE0B /* Products */ = {
			isa = PBXGroup;
			children = (
				24C7125829E5B1AE00E5DE0B /* SSO.framework */,
			);
			name = Products;
			sourceTree = "<group>";
		};
		24C7127029E5B1CC00E5DE0B /* Products */ = {
			isa = PBXGroup;
			children = (
				24C7127429E5B1CC00E5DE0B /* Core.framework */,
			);
			name = Products;
			sourceTree = "<group>";
		};
		24C7129929E5B4EB00E5DE0B /* Scenes */ = {
			isa = PBXGroup;
			children = (
				2442EC322A9F6AED00B11CE3 /* Library */,
				2442EC1E2A9E0F6700B11CE3 /* Student Finances  */,
				24A925032A42FB8D00FEF291 /* PasswordReset */,
				243CBC0A2A3DFFAB00EEE080 /* ProfilePage */,
				2490E2F12A02EABE0073DBDE /* Main */,
				2490E2F02A02EAA20073DBDE /* TimeTable */,
				2490E2EF2A02EA8C0073DBDE /* MoreMenu */,
				2490E2EE2A02EA720073DBDE /* LoginPage */,
			);
			path = Scenes;
			sourceTree = "<group>";
		};
		24C712ED29E5E61800E5DE0B /* Resources */ = {
			isa = PBXGroup;
			children = (
				24C7117829E5ADC300E5DE0B /* Assets.xcassets */,
			);
			path = Resources;
			sourceTree = "<group>";
		};
/* End PBXGroup section */

/* Begin PBXNativeTarget section */
		24C7116B29E5ADC200E5DE0B /* Emis */ = {
			isa = PBXNativeTarget;
			buildConfigurationList = 24C7118029E5ADC300E5DE0B /* Build configuration list for PBXNativeTarget "Emis" */;
			buildPhases = (
				24C7116829E5ADC200E5DE0B /* Sources */,
				24C7116929E5ADC200E5DE0B /* Frameworks */,
				24C7116A29E5ADC200E5DE0B /* Resources */,
				24C711F929E5B06200E5DE0B /* Embed Frameworks */,
			);
			buildRules = (
			);
			dependencies = (
			);
			name = Emis;
			packageProductDependencies = (
			);
			productName = Emis;
			productReference = 24C7116C29E5ADC200E5DE0B /* Emis.app */;
			productType = "com.apple.product-type.application";
		};
/* End PBXNativeTarget section */

/* Begin PBXProject section */
		24C7116429E5ADC200E5DE0B /* Project object */ = {
			isa = PBXProject;
			attributes = {
				BuildIndependentTargetsInParallel = 1;
				LastSwiftUpdateCheck = 1420;
				LastUpgradeCheck = 1420;
				TargetAttributes = {
					24C7116B29E5ADC200E5DE0B = {
						CreatedOnToolsVersion = 14.2;
					};
				};
			};
			buildConfigurationList = 24C7116729E5ADC200E5DE0B /* Build configuration list for PBXProject "Emis" */;
			compatibilityVersion = "Xcode 14.0";
			developmentRegion = en;
			hasScannedForEncodings = 0;
			knownRegions = (
				en,
				Base,
			);
			mainGroup = 24C7116329E5ADC200E5DE0B;
			packageReferences = (
			);
			productRefGroup = 24C7116D29E5ADC200E5DE0B /* Products */;
			projectDirPath = "";
			projectReferences = (
				{
					ProductGroup = 24C7121C29E5B13D00E5DE0B /* Products */;
					ProjectRef = 24C7121B29E5B13D00E5DE0B /* BrandBook.xcodeproj */;
				},
				{
					ProductGroup = 24C7127029E5B1CC00E5DE0B /* Products */;
					ProjectRef = 24C7126F29E5B1CC00E5DE0B /* Core.xcodeproj */;
				},
				{
					ProductGroup = 24C7123829E5B18100E5DE0B /* Products */;
					ProjectRef = 24C7123729E5B18100E5DE0B /* NetworkLayer.xcodeproj */;
				},
				{
					ProductGroup = 24C7125429E5B1AE00E5DE0B /* Products */;
					ProjectRef = 24C7125329E5B1AE00E5DE0B /* SSO.xcodeproj */;
				},
			);
			projectRoot = "";
			targets = (
				24C7116B29E5ADC200E5DE0B /* Emis */,
			);
		};
/* End PBXProject section */

/* Begin PBXReferenceProxy section */
		24C7122029E5B13E00E5DE0B /* BrandBook.framework */ = {
			isa = PBXReferenceProxy;
			fileType = wrapper.framework;
			path = BrandBook.framework;
			remoteRef = 24C7121F29E5B13E00E5DE0B /* PBXContainerItemProxy */;
			sourceTree = BUILT_PRODUCTS_DIR;
		};
		24C7123C29E5B18100E5DE0B /* NetworkLayer.framework */ = {
			isa = PBXReferenceProxy;
			fileType = wrapper.framework;
			path = NetworkLayer.framework;
			remoteRef = 24C7123B29E5B18100E5DE0B /* PBXContainerItemProxy */;
			sourceTree = BUILT_PRODUCTS_DIR;
		};
		24C7125829E5B1AE00E5DE0B /* SSO.framework */ = {
			isa = PBXReferenceProxy;
			fileType = wrapper.framework;
			path = SSO.framework;
			remoteRef = 24C7125729E5B1AE00E5DE0B /* PBXContainerItemProxy */;
			sourceTree = BUILT_PRODUCTS_DIR;
		};
		24C7127429E5B1CC00E5DE0B /* Core.framework */ = {
			isa = PBXReferenceProxy;
			fileType = wrapper.framework;
			path = Core.framework;
			remoteRef = 24C7127329E5B1CC00E5DE0B /* PBXContainerItemProxy */;
			sourceTree = BUILT_PRODUCTS_DIR;
		};
/* End PBXReferenceProxy section */

/* Begin PBXResourcesBuildPhase section */
		24C7116A29E5ADC200E5DE0B /* Resources */ = {
			isa = PBXResourcesBuildPhase;
			buildActionMask = 2147483647;
			files = (
				24C7117929E5ADC300E5DE0B /* Assets.xcassets in Resources */,
			);
			runOnlyForDeploymentPostprocessing = 0;
		};
/* End PBXResourcesBuildPhase section */

/* Begin PBXSourcesBuildPhase section */
		24C7116829E5ADC200E5DE0B /* Sources */ = {
			isa = PBXSourcesBuildPhase;
			buildActionMask = 2147483647;
			files = (
				2442EBD72A9DB4A600B11CE3 /* MainPageViewModel.swift in Sources */,
				24C7117429E5ADC200E5DE0B /* EntryPage.swift in Sources */,
				2490E2F52A02EB980073DBDE /* MoreMenuController.swift in Sources */,
				2490E2F92A02EC3C0073DBDE /* MainPageController.swift in Sources */,
				242568802A0D4DD30022A132 /* LoginPageViewModel.swift in Sources */,
				2442EC342A9F6B1900B11CE3 /* LibraryPageController.swift in Sources */,
				2490E3012A02F7D30073DBDE /* TabBarController.swift in Sources */,
				2490E2F72A02EC120073DBDE /* TimeTablePage.swift in Sources */,
				2442EBD92A9DB4B600B11CE3 /* MainPageRouter.swift in Sources */,
				242568852A0D52360022A132 /* ResolverRegistration.swift in Sources */,
				242568872A0D52F70022A132 /* ResolverRegistration + Routers.swift in Sources */,
				2442EB722A9A5F3500B11CE3 /* ResolverRegistration + NetworkLayer.swift in Sources */,
				2490E32A2A0386E80073DBDE /* TabBarItem.swift in Sources */,
				243CBC0C2A3DFFC900EEE080 /* ProfilePageController.swift in Sources */,
				24C7117029E5ADC200E5DE0B /* AppDelegate.swift in Sources */,
				24C7129F29E5B55700E5DE0B /* EmisMainManager.swift in Sources */,
				2442EC202A9E0FAA00B11CE3 /* StudentFinancesInfoController.swift in Sources */,
				2490E2F32A02EB600073DBDE /* LoginPageController.swift in Sources */,
				24C7117229E5ADC200E5DE0B /* SceneDelegate.swift in Sources */,
				2442EC362A9F6B2A00B11CE3 /* LibraryPageViewModel.swift in Sources */,
				24A924F62A423C0400FEF291 /* MoreMenuViewModel.swift in Sources */,
				2442EC1D2A9DE6DA00B11CE3 /* MoreMenuItem.swift in Sources */,
				24A924F82A423C0D00FEF291 /* MoreMenuRouter.swift in Sources */,
				242568822A0D4E030022A132 /* LoginPageRouter.swift in Sources */,
				243CBC102A3E001100EEE080 /* ProfilePageRouter.swift in Sources */,
				2442EC222A9E101C00B11CE3 /* StudentFinancesInfoViewModel.swift in Sources */,
				24A925052A42FBAB00FEF291 /* PasswordResetController.swift in Sources */,
				243CBC0E2A3DFFE100EEE080 /* ProfilePageViewModel.swift in Sources */,
				24A925072A42FC0700FEF291 /* PasswordResetViewModel.swift in Sources */,
				24A925092A42FC7B00FEF291 /* PasswordResetRouter.swift in Sources */,
			);
			runOnlyForDeploymentPostprocessing = 0;
		};
/* End PBXSourcesBuildPhase section */

/* Begin XCBuildConfiguration section */
		24C7117E29E5ADC300E5DE0B /* Debug */ = {
			isa = XCBuildConfiguration;
			buildSettings = {
				ALWAYS_SEARCH_USER_PATHS = NO;
				CLANG_ANALYZER_NONNULL = YES;
				CLANG_ANALYZER_NUMBER_OBJECT_CONVERSION = YES_AGGRESSIVE;
				CLANG_CXX_LANGUAGE_STANDARD = "gnu++20";
				CLANG_ENABLE_MODULES = YES;
				CLANG_ENABLE_OBJC_ARC = YES;
				CLANG_ENABLE_OBJC_WEAK = YES;
				CLANG_WARN_BLOCK_CAPTURE_AUTORELEASING = YES;
				CLANG_WARN_BOOL_CONVERSION = YES;
				CLANG_WARN_COMMA = YES;
				CLANG_WARN_CONSTANT_CONVERSION = YES;
				CLANG_WARN_DEPRECATED_OBJC_IMPLEMENTATIONS = YES;
				CLANG_WARN_DIRECT_OBJC_ISA_USAGE = YES_ERROR;
				CLANG_WARN_DOCUMENTATION_COMMENTS = YES;
				CLANG_WARN_EMPTY_BODY = YES;
				CLANG_WARN_ENUM_CONVERSION = YES;
				CLANG_WARN_INFINITE_RECURSION = YES;
				CLANG_WARN_INT_CONVERSION = YES;
				CLANG_WARN_NON_LITERAL_NULL_CONVERSION = YES;
				CLANG_WARN_OBJC_IMPLICIT_RETAIN_SELF = YES;
				CLANG_WARN_OBJC_LITERAL_CONVERSION = YES;
				CLANG_WARN_OBJC_ROOT_CLASS = YES_ERROR;
				CLANG_WARN_QUOTED_INCLUDE_IN_FRAMEWORK_HEADER = YES;
				CLANG_WARN_RANGE_LOOP_ANALYSIS = YES;
				CLANG_WARN_STRICT_PROTOTYPES = YES;
				CLANG_WARN_SUSPICIOUS_MOVE = YES;
				CLANG_WARN_UNGUARDED_AVAILABILITY = YES_AGGRESSIVE;
				CLANG_WARN_UNREACHABLE_CODE = YES;
				CLANG_WARN__DUPLICATE_METHOD_MATCH = YES;
				COPY_PHASE_STRIP = NO;
				DEBUG_INFORMATION_FORMAT = dwarf;
				ENABLE_STRICT_OBJC_MSGSEND = YES;
				ENABLE_TESTABILITY = YES;
				GCC_C_LANGUAGE_STANDARD = gnu11;
				GCC_DYNAMIC_NO_PIC = NO;
				GCC_NO_COMMON_BLOCKS = YES;
				GCC_OPTIMIZATION_LEVEL = 0;
				GCC_PREPROCESSOR_DEFINITIONS = (
					"DEBUG=1",
					"$(inherited)",
				);
				GCC_WARN_64_TO_32_BIT_CONVERSION = YES;
				GCC_WARN_ABOUT_RETURN_TYPE = YES_ERROR;
				GCC_WARN_UNDECLARED_SELECTOR = YES;
				GCC_WARN_UNINITIALIZED_AUTOS = YES_AGGRESSIVE;
				GCC_WARN_UNUSED_FUNCTION = YES;
				GCC_WARN_UNUSED_VARIABLE = YES;
				IPHONEOS_DEPLOYMENT_TARGET = 13.0;
				MTL_ENABLE_DEBUG_INFO = INCLUDE_SOURCE;
				MTL_FAST_MATH = YES;
				ONLY_ACTIVE_ARCH = YES;
				SDKROOT = iphoneos;
				SWIFT_ACTIVE_COMPILATION_CONDITIONS = DEBUG;
				SWIFT_OPTIMIZATION_LEVEL = "-Onone";
			};
			name = Debug;
		};
		24C7117F29E5ADC300E5DE0B /* Release */ = {
			isa = XCBuildConfiguration;
			buildSettings = {
				ALWAYS_SEARCH_USER_PATHS = NO;
				CLANG_ANALYZER_NONNULL = YES;
				CLANG_ANALYZER_NUMBER_OBJECT_CONVERSION = YES_AGGRESSIVE;
				CLANG_CXX_LANGUAGE_STANDARD = "gnu++20";
				CLANG_ENABLE_MODULES = YES;
				CLANG_ENABLE_OBJC_ARC = YES;
				CLANG_ENABLE_OBJC_WEAK = YES;
				CLANG_WARN_BLOCK_CAPTURE_AUTORELEASING = YES;
				CLANG_WARN_BOOL_CONVERSION = YES;
				CLANG_WARN_COMMA = YES;
				CLANG_WARN_CONSTANT_CONVERSION = YES;
				CLANG_WARN_DEPRECATED_OBJC_IMPLEMENTATIONS = YES;
				CLANG_WARN_DIRECT_OBJC_ISA_USAGE = YES_ERROR;
				CLANG_WARN_DOCUMENTATION_COMMENTS = YES;
				CLANG_WARN_EMPTY_BODY = YES;
				CLANG_WARN_ENUM_CONVERSION = YES;
				CLANG_WARN_INFINITE_RECURSION = YES;
				CLANG_WARN_INT_CONVERSION = YES;
				CLANG_WARN_NON_LITERAL_NULL_CONVERSION = YES;
				CLANG_WARN_OBJC_IMPLICIT_RETAIN_SELF = YES;
				CLANG_WARN_OBJC_LITERAL_CONVERSION = YES;
				CLANG_WARN_OBJC_ROOT_CLASS = YES_ERROR;
				CLANG_WARN_QUOTED_INCLUDE_IN_FRAMEWORK_HEADER = YES;
				CLANG_WARN_RANGE_LOOP_ANALYSIS = YES;
				CLANG_WARN_STRICT_PROTOTYPES = YES;
				CLANG_WARN_SUSPICIOUS_MOVE = YES;
				CLANG_WARN_UNGUARDED_AVAILABILITY = YES_AGGRESSIVE;
				CLANG_WARN_UNREACHABLE_CODE = YES;
				CLANG_WARN__DUPLICATE_METHOD_MATCH = YES;
				COPY_PHASE_STRIP = NO;
				DEBUG_INFORMATION_FORMAT = "dwarf-with-dsym";
				ENABLE_NS_ASSERTIONS = NO;
				ENABLE_STRICT_OBJC_MSGSEND = YES;
				GCC_C_LANGUAGE_STANDARD = gnu11;
				GCC_NO_COMMON_BLOCKS = YES;
				GCC_WARN_64_TO_32_BIT_CONVERSION = YES;
				GCC_WARN_ABOUT_RETURN_TYPE = YES_ERROR;
				GCC_WARN_UNDECLARED_SELECTOR = YES;
				GCC_WARN_UNINITIALIZED_AUTOS = YES_AGGRESSIVE;
				GCC_WARN_UNUSED_FUNCTION = YES;
				GCC_WARN_UNUSED_VARIABLE = YES;
				IPHONEOS_DEPLOYMENT_TARGET = 13.0;
				MTL_ENABLE_DEBUG_INFO = NO;
				MTL_FAST_MATH = YES;
				SDKROOT = iphoneos;
				SWIFT_COMPILATION_MODE = wholemodule;
				SWIFT_OPTIMIZATION_LEVEL = "-O";
				VALIDATE_PRODUCT = YES;
			};
			name = Release;
		};
		24C7118129E5ADC300E5DE0B /* Debug */ = {
			isa = XCBuildConfiguration;
			buildSettings = {
				ASSETCATALOG_COMPILER_APPICON_NAME = AppIcon;
				ASSETCATALOG_COMPILER_GLOBAL_ACCENT_COLOR_NAME = AccentColor;
				CODE_SIGN_STYLE = Automatic;
				CURRENT_PROJECT_VERSION = 1;
				DEVELOPMENT_TEAM = 553TYVZR7V;
				GENERATE_INFOPLIST_FILE = YES;
				INFOPLIST_FILE = Emis/Info.plist;
				INFOPLIST_KEY_UIApplicationSupportsIndirectInputEvents = YES;
				INFOPLIST_KEY_UIMainStoryboardFile = "";
				INFOPLIST_KEY_UISupportedInterfaceOrientations = UIInterfaceOrientationPortrait;
				IPHONEOS_DEPLOYMENT_TARGET = 13.0;
				LD_RUNPATH_SEARCH_PATHS = (
					"$(inherited)",
					"@executable_path/Frameworks",
				);
				MARKETING_VERSION = 1.0;
				PRODUCT_BUNDLE_IDENTIFIER = Shio.Emis;
				PRODUCT_NAME = "$(TARGET_NAME)";
				SUPPORTED_PLATFORMS = "iphoneos iphonesimulator";
				SUPPORTS_MACCATALYST = NO;
				SUPPORTS_MAC_DESIGNED_FOR_IPHONE_IPAD = NO;
				SWIFT_EMIT_LOC_STRINGS = YES;
				SWIFT_VERSION = 5.0;
				TARGETED_DEVICE_FAMILY = 1;
			};
			name = Debug;
		};
		24C7118229E5ADC300E5DE0B /* Release */ = {
			isa = XCBuildConfiguration;
			buildSettings = {
				ASSETCATALOG_COMPILER_APPICON_NAME = AppIcon;
				ASSETCATALOG_COMPILER_GLOBAL_ACCENT_COLOR_NAME = AccentColor;
				CODE_SIGN_STYLE = Automatic;
				CURRENT_PROJECT_VERSION = 1;
				DEVELOPMENT_TEAM = 553TYVZR7V;
				GENERATE_INFOPLIST_FILE = YES;
				INFOPLIST_FILE = Emis/Info.plist;
				INFOPLIST_KEY_UIApplicationSupportsIndirectInputEvents = YES;
				INFOPLIST_KEY_UIMainStoryboardFile = "";
				INFOPLIST_KEY_UISupportedInterfaceOrientations = UIInterfaceOrientationPortrait;
				IPHONEOS_DEPLOYMENT_TARGET = 13.0;
				LD_RUNPATH_SEARCH_PATHS = (
					"$(inherited)",
					"@executable_path/Frameworks",
				);
				MARKETING_VERSION = 1.0;
				PRODUCT_BUNDLE_IDENTIFIER = Shio.Emis;
				PRODUCT_NAME = "$(TARGET_NAME)";
				SUPPORTED_PLATFORMS = "iphoneos iphonesimulator";
				SUPPORTS_MACCATALYST = NO;
				SUPPORTS_MAC_DESIGNED_FOR_IPHONE_IPAD = NO;
				SWIFT_EMIT_LOC_STRINGS = YES;
				SWIFT_VERSION = 5.0;
				TARGETED_DEVICE_FAMILY = 1;
			};
			name = Release;
		};
/* End XCBuildConfiguration section */

/* Begin XCConfigurationList section */
		24C7116729E5ADC200E5DE0B /* Build configuration list for PBXProject "Emis" */ = {
			isa = XCConfigurationList;
			buildConfigurations = (
				24C7117E29E5ADC300E5DE0B /* Debug */,
				24C7117F29E5ADC300E5DE0B /* Release */,
			);
			defaultConfigurationIsVisible = 0;
			defaultConfigurationName = Release;
		};
		24C7118029E5ADC300E5DE0B /* Build configuration list for PBXNativeTarget "Emis" */ = {
			isa = XCConfigurationList;
			buildConfigurations = (
				24C7118129E5ADC300E5DE0B /* Debug */,
				24C7118229E5ADC300E5DE0B /* Release */,
			);
			defaultConfigurationIsVisible = 0;
			defaultConfigurationName = Release;
		};
/* End XCConfigurationList section */
	};
	rootObject = 24C7116429E5ADC200E5DE0B /* Project object */;
}
