// !$*UTF8*$!
{
	archiveVersion = 1;
	classes = {
	};
	objectVersion = 56;
	objects = {

/* Begin PBXBuildFile section */
		2442EB7D2A9A625D00B11CE3 /* gatewaysRegistration.swift in Sources */ = {isa = PBXBuildFile; fileRef = 2442EB7C2A9A625D00B11CE3 /* gatewaysRegistration.swift */; };
		2442EB7F2A9A628500B11CE3 /* UseCasesRegistration.swift in Sources */ = {isa = PBXBuildFile; fileRef = 2442EB7E2A9A628500B11CE3 /* UseCasesRegistration.swift */; };
		2442EB862A9A86BA00B11CE3 /* LoginGateway.swift in Sources */ = {isa = PBXBuildFile; fileRef = 2442EB852A9A86BA00B11CE3 /* LoginGateway.swift */; };
		2442EB882A9A86CF00B11CE3 /* LoginUseCase.swift in Sources */ = {isa = PBXBuildFile; fileRef = 2442EB872A9A86CF00B11CE3 /* LoginUseCase.swift */; };
		2442EB8A2A9A873D00B11CE3 /* ApiURLProvider.swift in Sources */ = {isa = PBXBuildFile; fileRef = 2442EB892A9A873D00B11CE3 /* ApiURLProvider.swift */; };
		2442EB8C2A9A885400B11CE3 /* providersRegistration.swift in Sources */ = {isa = PBXBuildFile; fileRef = 2442EB8B2A9A885400B11CE3 /* providersRegistration.swift */; };
		2442EB8E2A9A8AB200B11CE3 /* ApiLoginModel.swift in Sources */ = {isa = PBXBuildFile; fileRef = 2442EB8D2A9A8AB200B11CE3 /* ApiLoginModel.swift */; };
		2442EB902A9A8B1600B11CE3 /* LoginModel.swift in Sources */ = {isa = PBXBuildFile; fileRef = 2442EB8F2A9A8B1600B11CE3 /* LoginModel.swift */; };
		2442EBA42A9BAF5A00B11CE3 /* ApiStudentInfo.swift in Sources */ = {isa = PBXBuildFile; fileRef = 2442EBA32A9BAF5A00B11CE3 /* ApiStudentInfo.swift */; };
		2442EBA62A9BAFC900B11CE3 /* StudentInfo.swift in Sources */ = {isa = PBXBuildFile; fileRef = 2442EBA52A9BAFC900B11CE3 /* StudentInfo.swift */; };
		2442EBA82A9BB12A00B11CE3 /* StudentInfoGateway.swift in Sources */ = {isa = PBXBuildFile; fileRef = 2442EBA72A9BB12A00B11CE3 /* StudentInfoGateway.swift */; };
		2442EBAA2A9BB23E00B11CE3 /* StudentInfoUseCase.swift in Sources */ = {isa = PBXBuildFile; fileRef = 2442EBA92A9BB23E00B11CE3 /* StudentInfoUseCase.swift */; };
		2442EBAC2A9BB30600B11CE3 /* ApiStudentFinancials.swift in Sources */ = {isa = PBXBuildFile; fileRef = 2442EBAB2A9BB30600B11CE3 /* ApiStudentFinancials.swift */; };
		2442EBAE2A9BB32E00B11CE3 /* StudentFinancials.swift in Sources */ = {isa = PBXBuildFile; fileRef = 2442EBAD2A9BB32E00B11CE3 /* StudentFinancials.swift */; };
		2442EBB02A9BB38700B11CE3 /* StudentFinancialGateway.swift in Sources */ = {isa = PBXBuildFile; fileRef = 2442EBAF2A9BB38700B11CE3 /* StudentFinancialGateway.swift */; };
		2442EBB22A9BB4A900B11CE3 /* StudentFinancialUseCase.swift in Sources */ = {isa = PBXBuildFile; fileRef = 2442EBB12A9BB4A900B11CE3 /* StudentFinancialUseCase.swift */; };
		2442EBB42A9BB5B600B11CE3 /* StudentDashboardOptions.swift in Sources */ = {isa = PBXBuildFile; fileRef = 2442EBB32A9BB5B600B11CE3 /* StudentDashboardOptions.swift */; };
		2442EBB62A9BC87500B11CE3 /* TeacherDashboardOptions.swift in Sources */ = {isa = PBXBuildFile; fileRef = 2442EBB52A9BC87500B11CE3 /* TeacherDashboardOptions.swift */; };
		2442EBB82A9BC8E800B11CE3 /* StudentDashboardOptionsGateway.swift in Sources */ = {isa = PBXBuildFile; fileRef = 2442EBB72A9BC8E800B11CE3 /* StudentDashboardOptionsGateway.swift */; };
		2442EBBA2A9BC99A00B11CE3 /* StudentDashboardUseCase.swift in Sources */ = {isa = PBXBuildFile; fileRef = 2442EBB92A9BC99A00B11CE3 /* StudentDashboardUseCase.swift */; };
		2442EBBC2A9BCD4800B11CE3 /* ApiStudentSubjectCard.swift in Sources */ = {isa = PBXBuildFile; fileRef = 2442EBBB2A9BCD4800B11CE3 /* ApiStudentSubjectCard.swift */; };
		2442EBBE2A9BCD8100B11CE3 /* StudentSubjectCard.swift in Sources */ = {isa = PBXBuildFile; fileRef = 2442EBBD2A9BCD8100B11CE3 /* StudentSubjectCard.swift */; };
		2442EBC02A9BD0E500B11CE3 /* StudentSubjectCardGateway.swift in Sources */ = {isa = PBXBuildFile; fileRef = 2442EBBF2A9BD0E500B11CE3 /* StudentSubjectCardGateway.swift */; };
		2442EBC22A9BD18B00B11CE3 /* StudentSubjectCardUseCase.swift in Sources */ = {isa = PBXBuildFile; fileRef = 2442EBC12A9BD18B00B11CE3 /* StudentSubjectCardUseCase.swift */; };
		2442EBC42A9BD36B00B11CE3 /* Empty.swift in Sources */ = {isa = PBXBuildFile; fileRef = 2442EBC32A9BD36B00B11CE3 /* Empty.swift */; };
		2442EBC62A9BD3D300B11CE3 /* UpdatePhoneNumberGateway.swift in Sources */ = {isa = PBXBuildFile; fileRef = 2442EBC52A9BD3D300B11CE3 /* UpdatePhoneNumberGateway.swift */; };
		2442EBC82A9BD50600B11CE3 /* UpdateStudentPhoneNumberUseCase.swift in Sources */ = {isa = PBXBuildFile; fileRef = 2442EBC72A9BD50600B11CE3 /* UpdateStudentPhoneNumberUseCase.swift */; };
		2442EBCA2A9BD72300B11CE3 /* TeacherDashboardOptionsGateway.swift in Sources */ = {isa = PBXBuildFile; fileRef = 2442EBC92A9BD72300B11CE3 /* TeacherDashboardOptionsGateway.swift */; };
		2442EBCC2A9BD7B600B11CE3 /* TeacherDashboardUseCase.swift in Sources */ = {isa = PBXBuildFile; fileRef = 2442EBCB2A9BD7B600B11CE3 /* TeacherDashboardUseCase.swift */; };
		2442EC262A9E2C6700B11CE3 /* ApiTeacherInfo.swift in Sources */ = {isa = PBXBuildFile; fileRef = 2442EC252A9E2C6700B11CE3 /* ApiTeacherInfo.swift */; };
		2442EC2D2A9F54E300B11CE3 /* TeacherInfo.swift in Sources */ = {isa = PBXBuildFile; fileRef = 2442EC2C2A9F54E300B11CE3 /* TeacherInfo.swift */; };
		2442EC2F2A9F5C9900B11CE3 /* TeacherInfoGateway.swift in Sources */ = {isa = PBXBuildFile; fileRef = 2442EC2E2A9F5C9900B11CE3 /* TeacherInfoGateway.swift */; };
		2442EC312A9F5CAB00B11CE3 /* TeacherInfoUseCase.swift in Sources */ = {isa = PBXBuildFile; fileRef = 2442EC302A9F5CAB00B11CE3 /* TeacherInfoUseCase.swift */; };
		245B98BF2A65485C00682D19 /* Resolver in Frameworks */ = {isa = PBXBuildFile; productRef = 245B98BE2A65485C00682D19 /* Resolver */; };
		24C7126829E5B1CC00E5DE0B /* Core.docc in Sources */ = {isa = PBXBuildFile; fileRef = 24C7126729E5B1CC00E5DE0B /* Core.docc */; };
		24C7126929E5B1CC00E5DE0B /* Core.h in Headers */ = {isa = PBXBuildFile; fileRef = 24C7126629E5B1CC00E5DE0B /* Core.h */; settings = {ATTRIBUTES = (Public, ); }; };
		24C93E692A419F700008AD90 /* Formatter.swift in Sources */ = {isa = PBXBuildFile; fileRef = 24C93E682A419F700008AD90 /* Formatter.swift */; };
		24DCCAAA2AA355E100D46C29 /* TeacherSubjectCard.swift in Sources */ = {isa = PBXBuildFile; fileRef = 24DCCAA92AA355E100D46C29 /* TeacherSubjectCard.swift */; };
		24DCCAAC2AA355FA00D46C29 /* ApiTeacherSubjectCard.swift in Sources */ = {isa = PBXBuildFile; fileRef = 24DCCAAB2AA355FA00D46C29 /* ApiTeacherSubjectCard.swift */; };
		24DCCAAE2AA3571200D46C29 /* TeacherSubjectCardGateway.swift in Sources */ = {isa = PBXBuildFile; fileRef = 24DCCAAD2AA3571200D46C29 /* TeacherSubjectCardGateway.swift */; };
		24DCCAB02AA3582600D46C29 /* TeacherSubjectCardUseCase.swift in Sources */ = {isa = PBXBuildFile; fileRef = 24DCCAAF2AA3582600D46C29 /* TeacherSubjectCardUseCase.swift */; };
		24DCCABD2AA36B7A00D46C29 /* ApiTeacherCourseInfo.swift in Sources */ = {isa = PBXBuildFile; fileRef = 24DCCABC2AA36B7A00D46C29 /* ApiTeacherCourseInfo.swift */; };
		24DCCABF2AA36CC000D46C29 /* TeacherCourseName.swift in Sources */ = {isa = PBXBuildFile; fileRef = 24DCCABE2AA36CC000D46C29 /* TeacherCourseName.swift */; };
		24DCCAC12AA36DE900D46C29 /* TeacherCourseInfoGateway.swift in Sources */ = {isa = PBXBuildFile; fileRef = 24DCCAC02AA36DE900D46C29 /* TeacherCourseInfoGateway.swift */; };
		24DCCAC32AA36E6600D46C29 /* TeacherCourseInfoUseCase.swift in Sources */ = {isa = PBXBuildFile; fileRef = 24DCCAC22AA36E6600D46C29 /* TeacherCourseInfoUseCase.swift */; };
		24DCCACA2AA3821700D46C29 /* ApiStudentGrades.swift in Sources */ = {isa = PBXBuildFile; fileRef = 24DCCAC92AA3821700D46C29 /* ApiStudentGrades.swift */; };
		24DCCACC2AA382E700D46C29 /* StudentGrades.swift in Sources */ = {isa = PBXBuildFile; fileRef = 24DCCACB2AA382E700D46C29 /* StudentGrades.swift */; };
		24DCCACE2AA3833D00D46C29 /* getStudentGradesGateway.swift in Sources */ = {isa = PBXBuildFile; fileRef = 24DCCACD2AA3833D00D46C29 /* getStudentGradesGateway.swift */; };
		24DCCAD02AA3880E00D46C29 /* getStudentGradesUseCase.swift in Sources */ = {isa = PBXBuildFile; fileRef = 24DCCACF2AA3880E00D46C29 /* getStudentGradesUseCase.swift */; };
		24DCCAD22AA3963400D46C29 /* UpdateMarkGateway.swift in Sources */ = {isa = PBXBuildFile; fileRef = 24DCCAD12AA3963400D46C29 /* UpdateMarkGateway.swift */; };
		24DCCAD42AA396D200D46C29 /* updateGradeUseCase.swift in Sources */ = {isa = PBXBuildFile; fileRef = 24DCCAD32AA396D200D46C29 /* updateGradeUseCase.swift */; };
		24E3F1B62A98E937008A0430 /* KeyChain.swift in Sources */ = {isa = PBXBuildFile; fileRef = 24E3F1B42A98E937008A0430 /* KeyChain.swift */; };
		24E3F1B72A98E937008A0430 /* KeychainKeys.swift in Sources */ = {isa = PBXBuildFile; fileRef = 24E3F1B52A98E937008A0430 /* KeychainKeys.swift */; };
		24E3F1B92A98E985008A0430 /* UserDefaults.swift in Sources */ = {isa = PBXBuildFile; fileRef = 24E3F1B82A98E985008A0430 /* UserDefaults.swift */; };
		24E3F1BB2A98EA9D008A0430 /* UserDefaultKeys.swift in Sources */ = {isa = PBXBuildFile; fileRef = 24E3F1BA2A98EA9D008A0430 /* UserDefaultKeys.swift */; };
		24E764532A0CBDBE00E4FA74 /* SwifterSwift in Frameworks */ = {isa = PBXBuildFile; productRef = 24E764522A0CBDBE00E4FA74 /* SwifterSwift */; };
		24F4ED472AA206E300882C19 /* ApiLibraryModel.swift in Sources */ = {isa = PBXBuildFile; fileRef = 24F4ED462AA206E300882C19 /* ApiLibraryModel.swift */; };
		24F4ED492AA2072D00882C19 /* Library.swift in Sources */ = {isa = PBXBuildFile; fileRef = 24F4ED482AA2072D00882C19 /* Library.swift */; };
		24F4ED4B2AA2091500882C19 /* LibraryGateway.swift in Sources */ = {isa = PBXBuildFile; fileRef = 24F4ED4A2AA2091500882C19 /* LibraryGateway.swift */; };
		24F4ED4D2AA20A6400882C19 /* LibraryUseCase.swift in Sources */ = {isa = PBXBuildFile; fileRef = 24F4ED4C2AA20A6400882C19 /* LibraryUseCase.swift */; };
/* End PBXBuildFile section */

/* Begin PBXFileReference section */
		2442EB7C2A9A625D00B11CE3 /* gatewaysRegistration.swift */ = {isa = PBXFileReference; lastKnownFileType = sourcecode.swift; path = gatewaysRegistration.swift; sourceTree = "<group>"; };
		2442EB7E2A9A628500B11CE3 /* UseCasesRegistration.swift */ = {isa = PBXFileReference; lastKnownFileType = sourcecode.swift; path = UseCasesRegistration.swift; sourceTree = "<group>"; };
		2442EB852A9A86BA00B11CE3 /* LoginGateway.swift */ = {isa = PBXFileReference; lastKnownFileType = sourcecode.swift; path = LoginGateway.swift; sourceTree = "<group>"; };
		2442EB872A9A86CF00B11CE3 /* LoginUseCase.swift */ = {isa = PBXFileReference; lastKnownFileType = sourcecode.swift; path = LoginUseCase.swift; sourceTree = "<group>"; };
		2442EB892A9A873D00B11CE3 /* ApiURLProvider.swift */ = {isa = PBXFileReference; lastKnownFileType = sourcecode.swift; path = ApiURLProvider.swift; sourceTree = "<group>"; };
		2442EB8B2A9A885400B11CE3 /* providersRegistration.swift */ = {isa = PBXFileReference; lastKnownFileType = sourcecode.swift; path = providersRegistration.swift; sourceTree = "<group>"; };
		2442EB8D2A9A8AB200B11CE3 /* ApiLoginModel.swift */ = {isa = PBXFileReference; lastKnownFileType = sourcecode.swift; path = ApiLoginModel.swift; sourceTree = "<group>"; };
		2442EB8F2A9A8B1600B11CE3 /* LoginModel.swift */ = {isa = PBXFileReference; lastKnownFileType = sourcecode.swift; path = LoginModel.swift; sourceTree = "<group>"; };
		2442EBA32A9BAF5A00B11CE3 /* ApiStudentInfo.swift */ = {isa = PBXFileReference; lastKnownFileType = sourcecode.swift; path = ApiStudentInfo.swift; sourceTree = "<group>"; };
		2442EBA52A9BAFC900B11CE3 /* StudentInfo.swift */ = {isa = PBXFileReference; lastKnownFileType = sourcecode.swift; path = StudentInfo.swift; sourceTree = "<group>"; };
		2442EBA72A9BB12A00B11CE3 /* StudentInfoGateway.swift */ = {isa = PBXFileReference; lastKnownFileType = sourcecode.swift; path = StudentInfoGateway.swift; sourceTree = "<group>"; };
		2442EBA92A9BB23E00B11CE3 /* StudentInfoUseCase.swift */ = {isa = PBXFileReference; lastKnownFileType = sourcecode.swift; path = StudentInfoUseCase.swift; sourceTree = "<group>"; };
		2442EBAB2A9BB30600B11CE3 /* ApiStudentFinancials.swift */ = {isa = PBXFileReference; lastKnownFileType = sourcecode.swift; path = ApiStudentFinancials.swift; sourceTree = "<group>"; };
		2442EBAD2A9BB32E00B11CE3 /* StudentFinancials.swift */ = {isa = PBXFileReference; lastKnownFileType = sourcecode.swift; path = StudentFinancials.swift; sourceTree = "<group>"; };
		2442EBAF2A9BB38700B11CE3 /* StudentFinancialGateway.swift */ = {isa = PBXFileReference; lastKnownFileType = sourcecode.swift; path = StudentFinancialGateway.swift; sourceTree = "<group>"; };
		2442EBB12A9BB4A900B11CE3 /* StudentFinancialUseCase.swift */ = {isa = PBXFileReference; lastKnownFileType = sourcecode.swift; path = StudentFinancialUseCase.swift; sourceTree = "<group>"; };
		2442EBB32A9BB5B600B11CE3 /* StudentDashboardOptions.swift */ = {isa = PBXFileReference; lastKnownFileType = sourcecode.swift; path = StudentDashboardOptions.swift; sourceTree = "<group>"; };
		2442EBB52A9BC87500B11CE3 /* TeacherDashboardOptions.swift */ = {isa = PBXFileReference; lastKnownFileType = sourcecode.swift; path = TeacherDashboardOptions.swift; sourceTree = "<group>"; };
		2442EBB72A9BC8E800B11CE3 /* StudentDashboardOptionsGateway.swift */ = {isa = PBXFileReference; lastKnownFileType = sourcecode.swift; path = StudentDashboardOptionsGateway.swift; sourceTree = "<group>"; };
		2442EBB92A9BC99A00B11CE3 /* StudentDashboardUseCase.swift */ = {isa = PBXFileReference; lastKnownFileType = sourcecode.swift; path = StudentDashboardUseCase.swift; sourceTree = "<group>"; };
		2442EBBB2A9BCD4800B11CE3 /* ApiStudentSubjectCard.swift */ = {isa = PBXFileReference; lastKnownFileType = sourcecode.swift; path = ApiStudentSubjectCard.swift; sourceTree = "<group>"; };
		2442EBBD2A9BCD8100B11CE3 /* StudentSubjectCard.swift */ = {isa = PBXFileReference; lastKnownFileType = sourcecode.swift; path = StudentSubjectCard.swift; sourceTree = "<group>"; };
		2442EBBF2A9BD0E500B11CE3 /* StudentSubjectCardGateway.swift */ = {isa = PBXFileReference; lastKnownFileType = sourcecode.swift; path = StudentSubjectCardGateway.swift; sourceTree = "<group>"; };
		2442EBC12A9BD18B00B11CE3 /* StudentSubjectCardUseCase.swift */ = {isa = PBXFileReference; lastKnownFileType = sourcecode.swift; path = StudentSubjectCardUseCase.swift; sourceTree = "<group>"; };
		2442EBC32A9BD36B00B11CE3 /* Empty.swift */ = {isa = PBXFileReference; lastKnownFileType = sourcecode.swift; path = Empty.swift; sourceTree = "<group>"; };
		2442EBC52A9BD3D300B11CE3 /* UpdatePhoneNumberGateway.swift */ = {isa = PBXFileReference; lastKnownFileType = sourcecode.swift; path = UpdatePhoneNumberGateway.swift; sourceTree = "<group>"; };
		2442EBC72A9BD50600B11CE3 /* UpdateStudentPhoneNumberUseCase.swift */ = {isa = PBXFileReference; lastKnownFileType = sourcecode.swift; path = UpdateStudentPhoneNumberUseCase.swift; sourceTree = "<group>"; };
		2442EBC92A9BD72300B11CE3 /* TeacherDashboardOptionsGateway.swift */ = {isa = PBXFileReference; lastKnownFileType = sourcecode.swift; path = TeacherDashboardOptionsGateway.swift; sourceTree = "<group>"; };
		2442EBCB2A9BD7B600B11CE3 /* TeacherDashboardUseCase.swift */ = {isa = PBXFileReference; lastKnownFileType = sourcecode.swift; path = TeacherDashboardUseCase.swift; sourceTree = "<group>"; };
		2442EC252A9E2C6700B11CE3 /* ApiTeacherInfo.swift */ = {isa = PBXFileReference; lastKnownFileType = sourcecode.swift; path = ApiTeacherInfo.swift; sourceTree = "<group>"; };
		2442EC2C2A9F54E300B11CE3 /* TeacherInfo.swift */ = {isa = PBXFileReference; lastKnownFileType = sourcecode.swift; path = TeacherInfo.swift; sourceTree = "<group>"; };
		2442EC2E2A9F5C9900B11CE3 /* TeacherInfoGateway.swift */ = {isa = PBXFileReference; lastKnownFileType = sourcecode.swift; path = TeacherInfoGateway.swift; sourceTree = "<group>"; };
		2442EC302A9F5CAB00B11CE3 /* TeacherInfoUseCase.swift */ = {isa = PBXFileReference; lastKnownFileType = sourcecode.swift; path = TeacherInfoUseCase.swift; sourceTree = "<group>"; };
		24C7126329E5B1CC00E5DE0B /* Core.framework */ = {isa = PBXFileReference; explicitFileType = wrapper.framework; includeInIndex = 0; path = Core.framework; sourceTree = BUILT_PRODUCTS_DIR; };
		24C7126629E5B1CC00E5DE0B /* Core.h */ = {isa = PBXFileReference; lastKnownFileType = sourcecode.c.h; path = Core.h; sourceTree = "<group>"; };
		24C7126729E5B1CC00E5DE0B /* Core.docc */ = {isa = PBXFileReference; lastKnownFileType = folder.documentationcatalog; path = Core.docc; sourceTree = "<group>"; };
		24C93E682A419F700008AD90 /* Formatter.swift */ = {isa = PBXFileReference; lastKnownFileType = sourcecode.swift; path = Formatter.swift; sourceTree = "<group>"; };
		24DCCAA92AA355E100D46C29 /* TeacherSubjectCard.swift */ = {isa = PBXFileReference; lastKnownFileType = sourcecode.swift; path = TeacherSubjectCard.swift; sourceTree = "<group>"; };
		24DCCAAB2AA355FA00D46C29 /* ApiTeacherSubjectCard.swift */ = {isa = PBXFileReference; lastKnownFileType = sourcecode.swift; path = ApiTeacherSubjectCard.swift; sourceTree = "<group>"; };
		24DCCAAD2AA3571200D46C29 /* TeacherSubjectCardGateway.swift */ = {isa = PBXFileReference; lastKnownFileType = sourcecode.swift; path = TeacherSubjectCardGateway.swift; sourceTree = "<group>"; };
		24DCCAAF2AA3582600D46C29 /* TeacherSubjectCardUseCase.swift */ = {isa = PBXFileReference; lastKnownFileType = sourcecode.swift; path = TeacherSubjectCardUseCase.swift; sourceTree = "<group>"; };
		24DCCABC2AA36B7A00D46C29 /* ApiTeacherCourseInfo.swift */ = {isa = PBXFileReference; lastKnownFileType = sourcecode.swift; path = ApiTeacherCourseInfo.swift; sourceTree = "<group>"; };
		24DCCABE2AA36CC000D46C29 /* TeacherCourseName.swift */ = {isa = PBXFileReference; lastKnownFileType = sourcecode.swift; path = TeacherCourseName.swift; sourceTree = "<group>"; };
		24DCCAC02AA36DE900D46C29 /* TeacherCourseInfoGateway.swift */ = {isa = PBXFileReference; lastKnownFileType = sourcecode.swift; path = TeacherCourseInfoGateway.swift; sourceTree = "<group>"; };
		24DCCAC22AA36E6600D46C29 /* TeacherCourseInfoUseCase.swift */ = {isa = PBXFileReference; lastKnownFileType = sourcecode.swift; path = TeacherCourseInfoUseCase.swift; sourceTree = "<group>"; };
		24DCCAC92AA3821700D46C29 /* ApiStudentGrades.swift */ = {isa = PBXFileReference; lastKnownFileType = sourcecode.swift; path = ApiStudentGrades.swift; sourceTree = "<group>"; };
		24DCCACB2AA382E700D46C29 /* StudentGrades.swift */ = {isa = PBXFileReference; lastKnownFileType = sourcecode.swift; path = StudentGrades.swift; sourceTree = "<group>"; };
		24DCCACD2AA3833D00D46C29 /* getStudentGradesGateway.swift */ = {isa = PBXFileReference; lastKnownFileType = sourcecode.swift; path = getStudentGradesGateway.swift; sourceTree = "<group>"; };
		24DCCACF2AA3880E00D46C29 /* getStudentGradesUseCase.swift */ = {isa = PBXFileReference; lastKnownFileType = sourcecode.swift; path = getStudentGradesUseCase.swift; sourceTree = "<group>"; };
		24DCCAD12AA3963400D46C29 /* UpdateMarkGateway.swift */ = {isa = PBXFileReference; lastKnownFileType = sourcecode.swift; path = UpdateMarkGateway.swift; sourceTree = "<group>"; };
		24DCCAD32AA396D200D46C29 /* updateGradeUseCase.swift */ = {isa = PBXFileReference; lastKnownFileType = sourcecode.swift; path = updateGradeUseCase.swift; sourceTree = "<group>"; };
		24E3F1B42A98E937008A0430 /* KeyChain.swift */ = {isa = PBXFileReference; fileEncoding = 4; lastKnownFileType = sourcecode.swift; path = KeyChain.swift; sourceTree = "<group>"; };
		24E3F1B52A98E937008A0430 /* KeychainKeys.swift */ = {isa = PBXFileReference; fileEncoding = 4; lastKnownFileType = sourcecode.swift; path = KeychainKeys.swift; sourceTree = "<group>"; };
		24E3F1B82A98E985008A0430 /* UserDefaults.swift */ = {isa = PBXFileReference; lastKnownFileType = sourcecode.swift; path = UserDefaults.swift; sourceTree = "<group>"; };
		24E3F1BA2A98EA9D008A0430 /* UserDefaultKeys.swift */ = {isa = PBXFileReference; lastKnownFileType = sourcecode.swift; path = UserDefaultKeys.swift; sourceTree = "<group>"; };
		24F4ED462AA206E300882C19 /* ApiLibraryModel.swift */ = {isa = PBXFileReference; lastKnownFileType = sourcecode.swift; path = ApiLibraryModel.swift; sourceTree = "<group>"; };
		24F4ED482AA2072D00882C19 /* Library.swift */ = {isa = PBXFileReference; lastKnownFileType = sourcecode.swift; path = Library.swift; sourceTree = "<group>"; };
		24F4ED4A2AA2091500882C19 /* LibraryGateway.swift */ = {isa = PBXFileReference; lastKnownFileType = sourcecode.swift; path = LibraryGateway.swift; sourceTree = "<group>"; };
		24F4ED4C2AA20A6400882C19 /* LibraryUseCase.swift */ = {isa = PBXFileReference; lastKnownFileType = sourcecode.swift; path = LibraryUseCase.swift; sourceTree = "<group>"; };
/* End PBXFileReference section */

/* Begin PBXFrameworksBuildPhase section */
		24C7126029E5B1CC00E5DE0B /* Frameworks */ = {
			isa = PBXFrameworksBuildPhase;
			buildActionMask = 2147483647;
			files = (
				245B98BF2A65485C00682D19 /* Resolver in Frameworks */,
				24E764532A0CBDBE00E4FA74 /* SwifterSwift in Frameworks */,
			);
			runOnlyForDeploymentPostprocessing = 0;
		};
/* End PBXFrameworksBuildPhase section */

/* Begin PBXGroup section */
		2442EB772A9A61E300B11CE3 /* Domain Models */ = {
			isa = PBXGroup;
			children = (
				2442EBA02A9BACF100B11CE3 /* Student */,
				2442EB9F2A9BACE800B11CE3 /* Teacher */,
				2442EB8F2A9A8B1600B11CE3 /* LoginModel.swift */,
				24F4ED482AA2072D00882C19 /* Library.swift */,
			);
			path = "Domain Models";
			sourceTree = "<group>";
		};
		2442EB782A9A61EF00B11CE3 /* Api Models */ = {
			isa = PBXGroup;
			children = (
				2442EBA22A9BACFE00B11CE3 /* Student */,
				2442EBA12A9BACF800B11CE3 /* Teacher */,
				2442EB8D2A9A8AB200B11CE3 /* ApiLoginModel.swift */,
				2442EBC32A9BD36B00B11CE3 /* Empty.swift */,
				24F4ED462AA206E300882C19 /* ApiLibraryModel.swift */,
			);
			path = "Api Models";
			sourceTree = "<group>";
		};
		2442EB792A9A620400B11CE3 /* Gateways */ = {
			isa = PBXGroup;
			children = (
				2442EB9E2A9BACDC00B11CE3 /* Student */,
				2442EB9D2A9BACD400B11CE3 /* Teacher */,
				2442EB852A9A86BA00B11CE3 /* LoginGateway.swift */,
				2442EBC52A9BD3D300B11CE3 /* UpdatePhoneNumberGateway.swift */,
				24F4ED4A2AA2091500882C19 /* LibraryGateway.swift */,
			);
			path = Gateways;
			sourceTree = "<group>";
		};
		2442EB7A2A9A621300B11CE3 /* UseCases */ = {
			isa = PBXGroup;
			children = (
				2442EB9A2A9BACBF00B11CE3 /* Student */,
				2442EB992A9BACB000B11CE3 /* Teacher */,
				2442EB872A9A86CF00B11CE3 /* LoginUseCase.swift */,
				2442EBC72A9BD50600B11CE3 /* UpdateStudentPhoneNumberUseCase.swift */,
				24F4ED4C2AA20A6400882C19 /* LibraryUseCase.swift */,
			);
			path = UseCases;
			sourceTree = "<group>";
		};
		2442EB7B2A9A622A00B11CE3 /* Core + Injection */ = {
			isa = PBXGroup;
			children = (
				2442EB7C2A9A625D00B11CE3 /* gatewaysRegistration.swift */,
				2442EB7E2A9A628500B11CE3 /* UseCasesRegistration.swift */,
				2442EB8B2A9A885400B11CE3 /* providersRegistration.swift */,
			);
			path = "Core + Injection";
			sourceTree = "<group>";
		};
		2442EB992A9BACB000B11CE3 /* Teacher */ = {
			isa = PBXGroup;
			children = (
				2442EBCB2A9BD7B600B11CE3 /* TeacherDashboardUseCase.swift */,
				2442EC302A9F5CAB00B11CE3 /* TeacherInfoUseCase.swift */,
				24DCCAAF2AA3582600D46C29 /* TeacherSubjectCardUseCase.swift */,
				24DCCAC22AA36E6600D46C29 /* TeacherCourseInfoUseCase.swift */,
			);
			path = Teacher;
			sourceTree = "<group>";
		};
		2442EB9A2A9BACBF00B11CE3 /* Student */ = {
			isa = PBXGroup;
			children = (
				2442EBA92A9BB23E00B11CE3 /* StudentInfoUseCase.swift */,
				2442EBB12A9BB4A900B11CE3 /* StudentFinancialUseCase.swift */,
				2442EBB92A9BC99A00B11CE3 /* StudentDashboardUseCase.swift */,
				2442EBC12A9BD18B00B11CE3 /* StudentSubjectCardUseCase.swift */,
				24DCCACF2AA3880E00D46C29 /* getStudentGradesUseCase.swift */,
				24DCCAD32AA396D200D46C29 /* updateGradeUseCase.swift */,
			);
			path = Student;
			sourceTree = "<group>";
		};
		2442EB9D2A9BACD400B11CE3 /* Teacher */ = {
			isa = PBXGroup;
			children = (
				2442EBC92A9BD72300B11CE3 /* TeacherDashboardOptionsGateway.swift */,
				2442EC2E2A9F5C9900B11CE3 /* TeacherInfoGateway.swift */,
				24DCCAAD2AA3571200D46C29 /* TeacherSubjectCardGateway.swift */,
				24DCCAC02AA36DE900D46C29 /* TeacherCourseInfoGateway.swift */,
			);
			path = Teacher;
			sourceTree = "<group>";
		};
		2442EB9E2A9BACDC00B11CE3 /* Student */ = {
			isa = PBXGroup;
			children = (
				2442EBA72A9BB12A00B11CE3 /* StudentInfoGateway.swift */,
				2442EBAF2A9BB38700B11CE3 /* StudentFinancialGateway.swift */,
				2442EBB72A9BC8E800B11CE3 /* StudentDashboardOptionsGateway.swift */,
				2442EBBF2A9BD0E500B11CE3 /* StudentSubjectCardGateway.swift */,
				24DCCACD2AA3833D00D46C29 /* getStudentGradesGateway.swift */,
				24DCCAD12AA3963400D46C29 /* UpdateMarkGateway.swift */,
			);
			path = Student;
			sourceTree = "<group>";
		};
		2442EB9F2A9BACE800B11CE3 /* Teacher */ = {
			isa = PBXGroup;
			children = (
				2442EBB52A9BC87500B11CE3 /* TeacherDashboardOptions.swift */,
				2442EC2C2A9F54E300B11CE3 /* TeacherInfo.swift */,
				24DCCAA92AA355E100D46C29 /* TeacherSubjectCard.swift */,
				24DCCABE2AA36CC000D46C29 /* TeacherCourseName.swift */,
			);
			path = Teacher;
			sourceTree = "<group>";
		};
		2442EBA02A9BACF100B11CE3 /* Student */ = {
			isa = PBXGroup;
			children = (
				2442EBA52A9BAFC900B11CE3 /* StudentInfo.swift */,
				2442EBAD2A9BB32E00B11CE3 /* StudentFinancials.swift */,
				2442EBB32A9BB5B600B11CE3 /* StudentDashboardOptions.swift */,
				2442EBBD2A9BCD8100B11CE3 /* StudentSubjectCard.swift */,
				24DCCACB2AA382E700D46C29 /* StudentGrades.swift */,
			);
			path = Student;
			sourceTree = "<group>";
		};
		2442EBA12A9BACF800B11CE3 /* Teacher */ = {
			isa = PBXGroup;
			children = (
				2442EC252A9E2C6700B11CE3 /* ApiTeacherInfo.swift */,
				24DCCAAB2AA355FA00D46C29 /* ApiTeacherSubjectCard.swift */,
				24DCCABC2AA36B7A00D46C29 /* ApiTeacherCourseInfo.swift */,
			);
			path = Teacher;
			sourceTree = "<group>";
		};
		2442EBA22A9BACFE00B11CE3 /* Student */ = {
			isa = PBXGroup;
			children = (
				2442EBA32A9BAF5A00B11CE3 /* ApiStudentInfo.swift */,
				2442EBAB2A9BB30600B11CE3 /* ApiStudentFinancials.swift */,
				2442EBBB2A9BCD4800B11CE3 /* ApiStudentSubjectCard.swift */,
				24DCCAC92AA3821700D46C29 /* ApiStudentGrades.swift */,
			);
			path = Student;
			sourceTree = "<group>";
		};
		24C7125929E5B1CC00E5DE0B = {
			isa = PBXGroup;
			children = (
				24C7126529E5B1CC00E5DE0B /* Core */,
				24C7126429E5B1CC00E5DE0B /* Products */,
			);
			sourceTree = "<group>";
		};
		24C7126429E5B1CC00E5DE0B /* Products */ = {
			isa = PBXGroup;
			children = (
				24C7126329E5B1CC00E5DE0B /* Core.framework */,
			);
			name = Products;
			sourceTree = "<group>";
		};
		24C7126529E5B1CC00E5DE0B /* Core */ = {
			isa = PBXGroup;
			children = (
				2442EB7B2A9A622A00B11CE3 /* Core + Injection */,
				2442EB7A2A9A621300B11CE3 /* UseCases */,
				2442EB792A9A620400B11CE3 /* Gateways */,
				2442EB782A9A61EF00B11CE3 /* Api Models */,
				2442EB772A9A61E300B11CE3 /* Domain Models */,
				24E3F1B32A98E921008A0430 /* Keychain */,
				24E3F1B02A98E89F008A0430 /* UserDefaults */,
				24C93E672A419F510008AD90 /* Helper Functions */,
				24C7126629E5B1CC00E5DE0B /* Core.h */,
				24C7126729E5B1CC00E5DE0B /* Core.docc */,
			);
			path = Core;
			sourceTree = "<group>";
		};
		24C93E672A419F510008AD90 /* Helper Functions */ = {
			isa = PBXGroup;
			children = (
				24C93E682A419F700008AD90 /* Formatter.swift */,
				2442EB892A9A873D00B11CE3 /* ApiURLProvider.swift */,
			);
			path = "Helper Functions";
			sourceTree = "<group>";
		};
		24E3F1B02A98E89F008A0430 /* UserDefaults */ = {
			isa = PBXGroup;
			children = (
				24E3F1B82A98E985008A0430 /* UserDefaults.swift */,
				24E3F1BA2A98EA9D008A0430 /* UserDefaultKeys.swift */,
			);
			path = UserDefaults;
			sourceTree = "<group>";
		};
		24E3F1B32A98E921008A0430 /* Keychain */ = {
			isa = PBXGroup;
			children = (
				24E3F1B42A98E937008A0430 /* KeyChain.swift */,
				24E3F1B52A98E937008A0430 /* KeychainKeys.swift */,
			);
			path = Keychain;
			sourceTree = "<group>";
		};
/* End PBXGroup section */

/* Begin PBXHeadersBuildPhase section */
		24C7125E29E5B1CC00E5DE0B /* Headers */ = {
			isa = PBXHeadersBuildPhase;
			buildActionMask = 2147483647;
			files = (
				24C7126929E5B1CC00E5DE0B /* Core.h in Headers */,
			);
			runOnlyForDeploymentPostprocessing = 0;
		};
/* End PBXHeadersBuildPhase section */

/* Begin PBXNativeTarget section */
		24C7126229E5B1CC00E5DE0B /* Core */ = {
			isa = PBXNativeTarget;
			buildConfigurationList = 24C7126C29E5B1CC00E5DE0B /* Build configuration list for PBXNativeTarget "Core" */;
			buildPhases = (
				24C7125E29E5B1CC00E5DE0B /* Headers */,
				24C7125F29E5B1CC00E5DE0B /* Sources */,
				24C7126029E5B1CC00E5DE0B /* Frameworks */,
				24C7126129E5B1CC00E5DE0B /* Resources */,
			);
			buildRules = (
			);
			dependencies = (
			);
			name = Core;
			packageProductDependencies = (
				24E764522A0CBDBE00E4FA74 /* SwifterSwift */,
				245B98BE2A65485C00682D19 /* Resolver */,
			);
			productName = Core;
			productReference = 24C7126329E5B1CC00E5DE0B /* Core.framework */;
			productType = "com.apple.product-type.framework";
		};
/* End PBXNativeTarget section */

/* Begin PBXProject section */
		24C7125A29E5B1CC00E5DE0B /* Project object */ = {
			isa = PBXProject;
			attributes = {
				BuildIndependentTargetsInParallel = 1;
				LastUpgradeCheck = 1420;
				TargetAttributes = {
					24C7126229E5B1CC00E5DE0B = {
						CreatedOnToolsVersion = 14.2;
					};
				};
			};
			buildConfigurationList = 24C7125D29E5B1CC00E5DE0B /* Build configuration list for PBXProject "Core" */;
			compatibilityVersion = "Xcode 14.0";
			developmentRegion = en;
			hasScannedForEncodings = 0;
			knownRegions = (
				en,
				Base,
			);
			mainGroup = 24C7125929E5B1CC00E5DE0B;
			packageReferences = (
				24E764512A0CBDBE00E4FA74 /* XCRemoteSwiftPackageReference "SwifterSwift" */,
				245B98BD2A65485C00682D19 /* XCRemoteSwiftPackageReference "Resolver" */,
			);
			productRefGroup = 24C7126429E5B1CC00E5DE0B /* Products */;
			projectDirPath = "";
			projectRoot = "";
			targets = (
				24C7126229E5B1CC00E5DE0B /* Core */,
			);
		};
/* End PBXProject section */

/* Begin PBXResourcesBuildPhase section */
		24C7126129E5B1CC00E5DE0B /* Resources */ = {
			isa = PBXResourcesBuildPhase;
			buildActionMask = 2147483647;
			files = (
			);
			runOnlyForDeploymentPostprocessing = 0;
		};
/* End PBXResourcesBuildPhase section */

/* Begin PBXSourcesBuildPhase section */
		24C7125F29E5B1CC00E5DE0B /* Sources */ = {
			isa = PBXSourcesBuildPhase;
			buildActionMask = 2147483647;
			files = (
				2442EB8A2A9A873D00B11CE3 /* ApiURLProvider.swift in Sources */,
				2442EC262A9E2C6700B11CE3 /* ApiTeacherInfo.swift in Sources */,
				2442EBCA2A9BD72300B11CE3 /* TeacherDashboardOptionsGateway.swift in Sources */,
				24DCCAD02AA3880E00D46C29 /* getStudentGradesUseCase.swift in Sources */,
				2442EBA82A9BB12A00B11CE3 /* StudentInfoGateway.swift in Sources */,
				24F4ED4B2AA2091500882C19 /* LibraryGateway.swift in Sources */,
				2442EB902A9A8B1600B11CE3 /* LoginModel.swift in Sources */,
				2442EBB02A9BB38700B11CE3 /* StudentFinancialGateway.swift in Sources */,
				24C93E692A419F700008AD90 /* Formatter.swift in Sources */,
				24DCCAAE2AA3571200D46C29 /* TeacherSubjectCardGateway.swift in Sources */,
				24E3F1B92A98E985008A0430 /* UserDefaults.swift in Sources */,
				24DCCABF2AA36CC000D46C29 /* TeacherCourseName.swift in Sources */,
				24F4ED472AA206E300882C19 /* ApiLibraryModel.swift in Sources */,
				24DCCABD2AA36B7A00D46C29 /* ApiTeacherCourseInfo.swift in Sources */,
				24E3F1BB2A98EA9D008A0430 /* UserDefaultKeys.swift in Sources */,
				24DCCAC12AA36DE900D46C29 /* TeacherCourseInfoGateway.swift in Sources */,
				24DCCAAC2AA355FA00D46C29 /* ApiTeacherSubjectCard.swift in Sources */,
				24DCCACC2AA382E700D46C29 /* StudentGrades.swift in Sources */,
				2442EB7D2A9A625D00B11CE3 /* gatewaysRegistration.swift in Sources */,
				24DCCAC32AA36E6600D46C29 /* TeacherCourseInfoUseCase.swift in Sources */,
				2442EBCC2A9BD7B600B11CE3 /* TeacherDashboardUseCase.swift in Sources */,
				24DCCAAA2AA355E100D46C29 /* TeacherSubjectCard.swift in Sources */,
				2442EC2F2A9F5C9900B11CE3 /* TeacherInfoGateway.swift in Sources */,
				2442EBAA2A9BB23E00B11CE3 /* StudentInfoUseCase.swift in Sources */,
				2442EBA42A9BAF5A00B11CE3 /* ApiStudentInfo.swift in Sources */,
				2442EBAE2A9BB32E00B11CE3 /* StudentFinancials.swift in Sources */,
				24DCCACA2AA3821700D46C29 /* ApiStudentGrades.swift in Sources */,
				2442EC2D2A9F54E300B11CE3 /* TeacherInfo.swift in Sources */,
				2442EBB82A9BC8E800B11CE3 /* StudentDashboardOptionsGateway.swift in Sources */,
				2442EB7F2A9A628500B11CE3 /* UseCasesRegistration.swift in Sources */,
				2442EBC02A9BD0E500B11CE3 /* StudentSubjectCardGateway.swift in Sources */,
				24F4ED492AA2072D00882C19 /* Library.swift in Sources */,
				24E3F1B72A98E937008A0430 /* KeychainKeys.swift in Sources */,
				24DCCAD42AA396D200D46C29 /* updateGradeUseCase.swift in Sources */,
				24F4ED4D2AA20A6400882C19 /* LibraryUseCase.swift in Sources */,
				24DCCAD22AA3963400D46C29 /* UpdateMarkGateway.swift in Sources */,
				2442EC312A9F5CAB00B11CE3 /* TeacherInfoUseCase.swift in Sources */,
				2442EBBA2A9BC99A00B11CE3 /* StudentDashboardUseCase.swift in Sources */,
				24DCCACE2AA3833D00D46C29 /* getStudentGradesGateway.swift in Sources */,
				2442EBC82A9BD50600B11CE3 /* UpdateStudentPhoneNumberUseCase.swift in Sources */,
				2442EBB42A9BB5B600B11CE3 /* StudentDashboardOptions.swift in Sources */,
				2442EBBE2A9BCD8100B11CE3 /* StudentSubjectCard.swift in Sources */,
				2442EBBC2A9BCD4800B11CE3 /* ApiStudentSubjectCard.swift in Sources */,
				2442EB8E2A9A8AB200B11CE3 /* ApiLoginModel.swift in Sources */,
				2442EBC22A9BD18B00B11CE3 /* StudentSubjectCardUseCase.swift in Sources */,
				2442EBC42A9BD36B00B11CE3 /* Empty.swift in Sources */,
				2442EB8C2A9A885400B11CE3 /* providersRegistration.swift in Sources */,
				2442EBB62A9BC87500B11CE3 /* TeacherDashboardOptions.swift in Sources */,
				2442EBAC2A9BB30600B11CE3 /* ApiStudentFinancials.swift in Sources */,
				2442EB862A9A86BA00B11CE3 /* LoginGateway.swift in Sources */,
				24E3F1B62A98E937008A0430 /* KeyChain.swift in Sources */,
				24C7126829E5B1CC00E5DE0B /* Core.docc in Sources */,
				2442EBB22A9BB4A900B11CE3 /* StudentFinancialUseCase.swift in Sources */,
				24DCCAB02AA3582600D46C29 /* TeacherSubjectCardUseCase.swift in Sources */,
				2442EB882A9A86CF00B11CE3 /* LoginUseCase.swift in Sources */,
				2442EBA62A9BAFC900B11CE3 /* StudentInfo.swift in Sources */,
				2442EBC62A9BD3D300B11CE3 /* UpdatePhoneNumberGateway.swift in Sources */,
			);
			runOnlyForDeploymentPostprocessing = 0;
		};
/* End PBXSourcesBuildPhase section */

/* Begin XCBuildConfiguration section */
		24C7126A29E5B1CC00E5DE0B /* Debug */ = {
			isa = XCBuildConfiguration;
			buildSettings = {
				ALWAYS_SEARCH_USER_PATHS = NO;
				CLANG_ANALYZER_NONNULL = YES;
				CLANG_ANALYZER_NUMBER_OBJECT_CONVERSION = YES_AGGRESSIVE;
				CLANG_CXX_LANGUAGE_STANDARD = "gnu++20";
				CLANG_ENABLE_MODULES = YES;
				CLANG_ENABLE_OBJC_ARC = YES;
				CLANG_ENABLE_OBJC_WEAK = YES;
				CLANG_WARN_BLOCK_CAPTURE_AUTORELEASING = YES;
				CLANG_WARN_BOOL_CONVERSION = YES;
				CLANG_WARN_COMMA = YES;
				CLANG_WARN_CONSTANT_CONVERSION = YES;
				CLANG_WARN_DEPRECATED_OBJC_IMPLEMENTATIONS = YES;
				CLANG_WARN_DIRECT_OBJC_ISA_USAGE = YES_ERROR;
				CLANG_WARN_DOCUMENTATION_COMMENTS = YES;
				CLANG_WARN_EMPTY_BODY = YES;
				CLANG_WARN_ENUM_CONVERSION = YES;
				CLANG_WARN_INFINITE_RECURSION = YES;
				CLANG_WARN_INT_CONVERSION = YES;
				CLANG_WARN_NON_LITERAL_NULL_CONVERSION = YES;
				CLANG_WARN_OBJC_IMPLICIT_RETAIN_SELF = YES;
				CLANG_WARN_OBJC_LITERAL_CONVERSION = YES;
				CLANG_WARN_OBJC_ROOT_CLASS = YES_ERROR;
				CLANG_WARN_QUOTED_INCLUDE_IN_FRAMEWORK_HEADER = YES;
				CLANG_WARN_RANGE_LOOP_ANALYSIS = YES;
				CLANG_WARN_STRICT_PROTOTYPES = YES;
				CLANG_WARN_SUSPICIOUS_MOVE = YES;
				CLANG_WARN_UNGUARDED_AVAILABILITY = YES_AGGRESSIVE;
				CLANG_WARN_UNREACHABLE_CODE = YES;
				CLANG_WARN__DUPLICATE_METHOD_MATCH = YES;
				COPY_PHASE_STRIP = NO;
				CURRENT_PROJECT_VERSION = 1;
				DEBUG_INFORMATION_FORMAT = dwarf;
				ENABLE_STRICT_OBJC_MSGSEND = YES;
				ENABLE_TESTABILITY = YES;
				GCC_C_LANGUAGE_STANDARD = gnu11;
				GCC_DYNAMIC_NO_PIC = NO;
				GCC_NO_COMMON_BLOCKS = YES;
				GCC_OPTIMIZATION_LEVEL = 0;
				GCC_PREPROCESSOR_DEFINITIONS = (
					"DEBUG=1",
					"$(inherited)",
				);
				GCC_WARN_64_TO_32_BIT_CONVERSION = YES;
				GCC_WARN_ABOUT_RETURN_TYPE = YES_ERROR;
				GCC_WARN_UNDECLARED_SELECTOR = YES;
				GCC_WARN_UNINITIALIZED_AUTOS = YES_AGGRESSIVE;
				GCC_WARN_UNUSED_FUNCTION = YES;
				GCC_WARN_UNUSED_VARIABLE = YES;
				IPHONEOS_DEPLOYMENT_TARGET = 13.0;
				MTL_ENABLE_DEBUG_INFO = INCLUDE_SOURCE;
				MTL_FAST_MATH = YES;
				ONLY_ACTIVE_ARCH = YES;
				SDKROOT = iphoneos;
				SWIFT_ACTIVE_COMPILATION_CONDITIONS = DEBUG;
				SWIFT_OPTIMIZATION_LEVEL = "-Onone";
				VERSIONING_SYSTEM = "apple-generic";
				VERSION_INFO_PREFIX = "";
			};
			name = Debug;
		};
		24C7126B29E5B1CC00E5DE0B /* Release */ = {
			isa = XCBuildConfiguration;
			buildSettings = {
				ALWAYS_SEARCH_USER_PATHS = NO;
				CLANG_ANALYZER_NONNULL = YES;
				CLANG_ANALYZER_NUMBER_OBJECT_CONVERSION = YES_AGGRESSIVE;
				CLANG_CXX_LANGUAGE_STANDARD = "gnu++20";
				CLANG_ENABLE_MODULES = YES;
				CLANG_ENABLE_OBJC_ARC = YES;
				CLANG_ENABLE_OBJC_WEAK = YES;
				CLANG_WARN_BLOCK_CAPTURE_AUTORELEASING = YES;
				CLANG_WARN_BOOL_CONVERSION = YES;
				CLANG_WARN_COMMA = YES;
				CLANG_WARN_CONSTANT_CONVERSION = YES;
				CLANG_WARN_DEPRECATED_OBJC_IMPLEMENTATIONS = YES;
				CLANG_WARN_DIRECT_OBJC_ISA_USAGE = YES_ERROR;
				CLANG_WARN_DOCUMENTATION_COMMENTS = YES;
				CLANG_WARN_EMPTY_BODY = YES;
				CLANG_WARN_ENUM_CONVERSION = YES;
				CLANG_WARN_INFINITE_RECURSION = YES;
				CLANG_WARN_INT_CONVERSION = YES;
				CLANG_WARN_NON_LITERAL_NULL_CONVERSION = YES;
				CLANG_WARN_OBJC_IMPLICIT_RETAIN_SELF = YES;
				CLANG_WARN_OBJC_LITERAL_CONVERSION = YES;
				CLANG_WARN_OBJC_ROOT_CLASS = YES_ERROR;
				CLANG_WARN_QUOTED_INCLUDE_IN_FRAMEWORK_HEADER = YES;
				CLANG_WARN_RANGE_LOOP_ANALYSIS = YES;
				CLANG_WARN_STRICT_PROTOTYPES = YES;
				CLANG_WARN_SUSPICIOUS_MOVE = YES;
				CLANG_WARN_UNGUARDED_AVAILABILITY = YES_AGGRESSIVE;
				CLANG_WARN_UNREACHABLE_CODE = YES;
				CLANG_WARN__DUPLICATE_METHOD_MATCH = YES;
				COPY_PHASE_STRIP = NO;
				CURRENT_PROJECT_VERSION = 1;
				DEBUG_INFORMATION_FORMAT = "dwarf-with-dsym";
				ENABLE_NS_ASSERTIONS = NO;
				ENABLE_STRICT_OBJC_MSGSEND = YES;
				GCC_C_LANGUAGE_STANDARD = gnu11;
				GCC_NO_COMMON_BLOCKS = YES;
				GCC_WARN_64_TO_32_BIT_CONVERSION = YES;
				GCC_WARN_ABOUT_RETURN_TYPE = YES_ERROR;
				GCC_WARN_UNDECLARED_SELECTOR = YES;
				GCC_WARN_UNINITIALIZED_AUTOS = YES_AGGRESSIVE;
				GCC_WARN_UNUSED_FUNCTION = YES;
				GCC_WARN_UNUSED_VARIABLE = YES;
				IPHONEOS_DEPLOYMENT_TARGET = 13.0;
				MTL_ENABLE_DEBUG_INFO = NO;
				MTL_FAST_MATH = YES;
				SDKROOT = iphoneos;
				SWIFT_COMPILATION_MODE = wholemodule;
				SWIFT_OPTIMIZATION_LEVEL = "-O";
				VALIDATE_PRODUCT = YES;
				VERSIONING_SYSTEM = "apple-generic";
				VERSION_INFO_PREFIX = "";
			};
			name = Release;
		};
		24C7126D29E5B1CC00E5DE0B /* Debug */ = {
			isa = XCBuildConfiguration;
			buildSettings = {
				CODE_SIGN_STYLE = Automatic;
				CURRENT_PROJECT_VERSION = 1;
				DEFINES_MODULE = YES;
				DEVELOPMENT_TEAM = 553TYVZR7V;
				DYLIB_COMPATIBILITY_VERSION = 1;
				DYLIB_CURRENT_VERSION = 1;
				DYLIB_INSTALL_NAME_BASE = "@rpath";
				GENERATE_INFOPLIST_FILE = YES;
				INFOPLIST_KEY_NSHumanReadableCopyright = "";
				INSTALL_PATH = "$(LOCAL_LIBRARY_DIR)/Frameworks";
				IPHONEOS_DEPLOYMENT_TARGET = 13.0;
				LD_RUNPATH_SEARCH_PATHS = (
					"$(inherited)",
					"@executable_path/Frameworks",
					"@loader_path/Frameworks",
				);
				MARKETING_VERSION = 1.0;
				PRODUCT_BUNDLE_IDENTIFIER = Shio.Core;
				PRODUCT_NAME = "$(TARGET_NAME:c99extidentifier)";
				SKIP_INSTALL = YES;
				SWIFT_EMIT_LOC_STRINGS = YES;
				SWIFT_VERSION = 5.0;
				TARGETED_DEVICE_FAMILY = "1,2";
			};
			name = Debug;
		};
		24C7126E29E5B1CC00E5DE0B /* Release */ = {
			isa = XCBuildConfiguration;
			buildSettings = {
				CODE_SIGN_STYLE = Automatic;
				CURRENT_PROJECT_VERSION = 1;
				DEFINES_MODULE = YES;
				DEVELOPMENT_TEAM = 553TYVZR7V;
				DYLIB_COMPATIBILITY_VERSION = 1;
				DYLIB_CURRENT_VERSION = 1;
				DYLIB_INSTALL_NAME_BASE = "@rpath";
				GENERATE_INFOPLIST_FILE = YES;
				INFOPLIST_KEY_NSHumanReadableCopyright = "";
				INSTALL_PATH = "$(LOCAL_LIBRARY_DIR)/Frameworks";
				IPHONEOS_DEPLOYMENT_TARGET = 13.0;
				LD_RUNPATH_SEARCH_PATHS = (
					"$(inherited)",
					"@executable_path/Frameworks",
					"@loader_path/Frameworks",
				);
				MARKETING_VERSION = 1.0;
				PRODUCT_BUNDLE_IDENTIFIER = Shio.Core;
				PRODUCT_NAME = "$(TARGET_NAME:c99extidentifier)";
				SKIP_INSTALL = YES;
				SWIFT_EMIT_LOC_STRINGS = YES;
				SWIFT_VERSION = 5.0;
				TARGETED_DEVICE_FAMILY = "1,2";
			};
			name = Release;
		};
/* End XCBuildConfiguration section */

/* Begin XCConfigurationList section */
		24C7125D29E5B1CC00E5DE0B /* Build configuration list for PBXProject "Core" */ = {
			isa = XCConfigurationList;
			buildConfigurations = (
				24C7126A29E5B1CC00E5DE0B /* Debug */,
				24C7126B29E5B1CC00E5DE0B /* Release */,
			);
			defaultConfigurationIsVisible = 0;
			defaultConfigurationName = Release;
		};
		24C7126C29E5B1CC00E5DE0B /* Build configuration list for PBXNativeTarget "Core" */ = {
			isa = XCConfigurationList;
			buildConfigurations = (
				24C7126D29E5B1CC00E5DE0B /* Debug */,
				24C7126E29E5B1CC00E5DE0B /* Release */,
			);
			defaultConfigurationIsVisible = 0;
			defaultConfigurationName = Release;
		};
/* End XCConfigurationList section */

/* Begin XCRemoteSwiftPackageReference section */
		245B98BD2A65485C00682D19 /* XCRemoteSwiftPackageReference "Resolver" */ = {
			isa = XCRemoteSwiftPackageReference;
			repositoryURL = "https://github.com/hmlongco/Resolver";
			requirement = {
				kind = exactVersion;
				version = 1.5.0;
			};
		};
		24E764512A0CBDBE00E4FA74 /* XCRemoteSwiftPackageReference "SwifterSwift" */ = {
			isa = XCRemoteSwiftPackageReference;
			repositoryURL = "https://github.com/SwifterSwift/SwifterSwift";
			requirement = {
				branch = master;
				kind = branch;
			};
		};
/* End XCRemoteSwiftPackageReference section */

/* Begin XCSwiftPackageProductDependency section */
		245B98BE2A65485C00682D19 /* Resolver */ = {
			isa = XCSwiftPackageProductDependency;
			package = 245B98BD2A65485C00682D19 /* XCRemoteSwiftPackageReference "Resolver" */;
			productName = Resolver;
		};
		24E764522A0CBDBE00E4FA74 /* SwifterSwift */ = {
			isa = XCSwiftPackageProductDependency;
			package = 24E764512A0CBDBE00E4FA74 /* XCRemoteSwiftPackageReference "SwifterSwift" */;
			productName = SwifterSwift;
		};
/* End XCSwiftPackageProductDependency section */
	};
	rootObject = 24C7125A29E5B1CC00E5DE0B /* Project object */;
}
